// !$*UTF8*$!
{
	archiveVersion = 1;
	classes = {
	};
	objectVersion = 46;
	objects = {

/* Begin PBXBuildFile section */
		BCA974031B0C61BD001C570E /* AppDelegate.swift in Sources */ = {isa = PBXBuildFile; fileRef = BCA974021B0C61BD001C570E /* AppDelegate.swift */; };
		BCA974051B0C61BD001C570E /* ViewController.swift in Sources */ = {isa = PBXBuildFile; fileRef = BCA974041B0C61BD001C570E /* ViewController.swift */; };
		BCA974081B0C61BD001C570E /* Main.storyboard in Resources */ = {isa = PBXBuildFile; fileRef = BCA974061B0C61BD001C570E /* Main.storyboard */; };
		BCA9740A1B0C61BD001C570E /* Images.xcassets in Resources */ = {isa = PBXBuildFile; fileRef = BCA974091B0C61BD001C570E /* Images.xcassets */; };
		BCA974191B0C61BD001C570E /* week3_homework_mailboxTests.swift in Sources */ = {isa = PBXBuildFile; fileRef = BCA974181B0C61BD001C570E /* week3_homework_mailboxTests.swift */; };
		BCA974241B0C6896001C570E /* MailboxViewController.swift in Sources */ = {isa = PBXBuildFile; fileRef = BCA974231B0C6896001C570E /* MailboxViewController.swift */; };
/* End PBXBuildFile section */

/* Begin PBXContainerItemProxy section */
		BCA974131B0C61BD001C570E /* PBXContainerItemProxy */ = {
			isa = PBXContainerItemProxy;
			containerPortal = BCA973F51B0C61BD001C570E /* Project object */;
			proxyType = 1;
			remoteGlobalIDString = BCA973FC1B0C61BD001C570E;
			remoteInfo = "week3-homework-mailbox";
		};
/* End PBXContainerItemProxy section */

/* Begin PBXFileReference section */
		BCA973FD1B0C61BD001C570E /* week3-homework-mailbox.app */ = {isa = PBXFileReference; explicitFileType = wrapper.application; includeInIndex = 0; path = "week3-homework-mailbox.app"; sourceTree = BUILT_PRODUCTS_DIR; };
		BCA974011B0C61BD001C570E /* Info.plist */ = {isa = PBXFileReference; lastKnownFileType = text.plist.xml; path = Info.plist; sourceTree = "<group>"; };
		BCA974021B0C61BD001C570E /* AppDelegate.swift */ = {isa = PBXFileReference; lastKnownFileType = sourcecode.swift; path = AppDelegate.swift; sourceTree = "<group>"; };
		BCA974041B0C61BD001C570E /* ViewController.swift */ = {isa = PBXFileReference; lastKnownFileType = sourcecode.swift; path = ViewController.swift; sourceTree = "<group>"; };
		BCA974071B0C61BD001C570E /* Base */ = {isa = PBXFileReference; lastKnownFileType = file.storyboard; name = Base; path = Base.lproj/Main.storyboard; sourceTree = "<group>"; };
		BCA974091B0C61BD001C570E /* Images.xcassets */ = {isa = PBXFileReference; lastKnownFileType = folder.assetcatalog; path = Images.xcassets; sourceTree = "<group>"; };
		BCA974121B0C61BD001C570E /* week3-homework-mailboxTests.xctest */ = {isa = PBXFileReference; explicitFileType = wrapper.cfbundle; includeInIndex = 0; path = "week3-homework-mailboxTests.xctest"; sourceTree = BUILT_PRODUCTS_DIR; };
		BCA974171B0C61BD001C570E /* Info.plist */ = {isa = PBXFileReference; lastKnownFileType = text.plist.xml; path = Info.plist; sourceTree = "<group>"; };
		BCA974181B0C61BD001C570E /* week3_homework_mailboxTests.swift */ = {isa = PBXFileReference; lastKnownFileType = sourcecode.swift; path = week3_homework_mailboxTests.swift; sourceTree = "<group>"; };
		BCA974231B0C6896001C570E /* MailboxViewController.swift */ = {isa = PBXFileReference; fileEncoding = 4; lastKnownFileType = sourcecode.swift; path = MailboxViewController.swift; sourceTree = "<group>"; };
/* End PBXFileReference section */

/* Begin PBXFrameworksBuildPhase section */
		BCA973FA1B0C61BD001C570E /* Frameworks */ = {
			isa = PBXFrameworksBuildPhase;
			buildActionMask = 2147483647;
			files = (
			);
			runOnlyForDeploymentPostprocessing = 0;
		};
		BCA9740F1B0C61BD001C570E /* Frameworks */ = {
			isa = PBXFrameworksBuildPhase;
			buildActionMask = 2147483647;
			files = (
			);
			runOnlyForDeploymentPostprocessing = 0;
		};
/* End PBXFrameworksBuildPhase section */

/* Begin PBXGroup section */
		BCA973F41B0C61BD001C570E = {
			isa = PBXGroup;
			children = (
				BCA973FF1B0C61BD001C570E /* week3-homework-mailbox */,
				BCA974151B0C61BD001C570E /* week3-homework-mailboxTests */,
				BCA973FE1B0C61BD001C570E /* Products */,
			);
			sourceTree = "<group>";
		};
		BCA973FE1B0C61BD001C570E /* Products */ = {
			isa = PBXGroup;
			children = (
				BCA973FD1B0C61BD001C570E /* week3-homework-mailbox.app */,
				BCA974121B0C61BD001C570E /* week3-homework-mailboxTests.xctest */,
			);
			name = Products;
			sourceTree = "<group>";
		};
		BCA973FF1B0C61BD001C570E /* week3-homework-mailbox */ = {
			isa = PBXGroup;
			children = (
				BCA974221B0C66CC001C570E /* ViewControllers */,
				BCA974021B0C61BD001C570E /* AppDelegate.swift */,
				BCA974041B0C61BD001C570E /* ViewController.swift */,
				BCA974061B0C61BD001C570E /* Main.storyboard */,
				BCA974091B0C61BD001C570E /* Images.xcassets */,
				BCA974001B0C61BD001C570E /* Supporting Files */,
			);
			path = "week3-homework-mailbox";
			sourceTree = "<group>";
		};
		BCA974001B0C61BD001C570E /* Supporting Files */ = {
			isa = PBXGroup;
			children = (
				BCA974011B0C61BD001C570E /* Info.plist */,
			);
			name = "Supporting Files";
			sourceTree = "<group>";
		};
		BCA974151B0C61BD001C570E /* week3-homework-mailboxTests */ = {
			isa = PBXGroup;
			children = (
				BCA974181B0C61BD001C570E /* week3_homework_mailboxTests.swift */,
				BCA974161B0C61BD001C570E /* Supporting Files */,
			);
			path = "week3-homework-mailboxTests";
			sourceTree = "<group>";
		};
		BCA974161B0C61BD001C570E /* Supporting Files */ = {
			isa = PBXGroup;
			children = (
				BCA974171B0C61BD001C570E /* Info.plist */,
			);
			name = "Supporting Files";
			sourceTree = "<group>";
		};
		BCA974221B0C66CC001C570E /* ViewControllers */ = {
			isa = PBXGroup;
			children = (
				BCA974231B0C6896001C570E /* MailboxViewController.swift */,
			);
			name = ViewControllers;
			sourceTree = "<group>";
		};
/* End PBXGroup section */

/* Begin PBXNativeTarget section */
		BCA973FC1B0C61BD001C570E /* week3-homework-mailbox */ = {
			isa = PBXNativeTarget;
			buildConfigurationList = BCA9741C1B0C61BD001C570E /* Build configuration list for PBXNativeTarget "week3-homework-mailbox" */;
			buildPhases = (
				BCA973F91B0C61BD001C570E /* Sources */,
				BCA973FA1B0C61BD001C570E /* Frameworks */,
				BCA973FB1B0C61BD001C570E /* Resources */,
			);
			buildRules = (
			);
			dependencies = (
			);
			name = "week3-homework-mailbox";
			productName = "week3-homework-mailbox";
			productReference = BCA973FD1B0C61BD001C570E /* week3-homework-mailbox.app */;
			productType = "com.apple.product-type.application";
		};
		BCA974111B0C61BD001C570E /* week3-homework-mailboxTests */ = {
			isa = PBXNativeTarget;
			buildConfigurationList = BCA9741F1B0C61BD001C570E /* Build configuration list for PBXNativeTarget "week3-homework-mailboxTests" */;
			buildPhases = (
				BCA9740E1B0C61BD001C570E /* Sources */,
				BCA9740F1B0C61BD001C570E /* Frameworks */,
				BCA974101B0C61BD001C570E /* Resources */,
			);
			buildRules = (
			);
			dependencies = (
				BCA974141B0C61BD001C570E /* PBXTargetDependency */,
			);
			name = "week3-homework-mailboxTests";
			productName = "week3-homework-mailboxTests";
			productReference = BCA974121B0C61BD001C570E /* week3-homework-mailboxTests.xctest */;
			productType = "com.apple.product-type.bundle.unit-test";
		};
/* End PBXNativeTarget section */

/* Begin PBXProject section */
		BCA973F51B0C61BD001C570E /* Project object */ = {
			isa = PBXProject;
			attributes = {
				LastUpgradeCheck = 0630;
				ORGANIZATIONNAME = SayHey;
				TargetAttributes = {
					BCA973FC1B0C61BD001C570E = {
						CreatedOnToolsVersion = 6.3.1;
					};
					BCA974111B0C61BD001C570E = {
						CreatedOnToolsVersion = 6.3.1;
						TestTargetID = BCA973FC1B0C61BD001C570E;
					};
				};
			};
			buildConfigurationList = BCA973F81B0C61BD001C570E /* Build configuration list for PBXProject "week3-homework-mailbox" */;
			compatibilityVersion = "Xcode 3.2";
			developmentRegion = English;
			hasScannedForEncodings = 0;
			knownRegions = (
				en,
				Base,
			);
			mainGroup = BCA973F41B0C61BD001C570E;
			productRefGroup = BCA973FE1B0C61BD001C570E /* Products */;
			projectDirPath = "";
			projectRoot = "";
			targets = (
				BCA973FC1B0C61BD001C570E /* week3-homework-mailbox */,
				BCA974111B0C61BD001C570E /* week3-homework-mailboxTests */,
			);
		};
/* End PBXProject section */

/* Begin PBXResourcesBuildPhase section */
		BCA973FB1B0C61BD001C570E /* Resources */ = {
			isa = PBXResourcesBuildPhase;
			buildActionMask = 2147483647;
			files = (
				BCA974081B0C61BD001C570E /* Main.storyboard in Resources */,
				BCA9740A1B0C61BD001C570E /* Images.xcassets in Resources */,
			);
			runOnlyForDeploymentPostprocessing = 0;
		};
		BCA974101B0C61BD001C570E /* Resources */ = {
			isa = PBXResourcesBuildPhase;
			buildActionMask = 2147483647;
			files = (
			);
			runOnlyForDeploymentPostprocessing = 0;
		};
/* End PBXResourcesBuildPhase section */

/* Begin PBXSourcesBuildPhase section */
		BCA973F91B0C61BD001C570E /* Sources */ = {
			isa = PBXSourcesBuildPhase;
			buildActionMask = 2147483647;
			files = (
				BCA974051B0C61BD001C570E /* ViewController.swift in Sources */,
				BCA974031B0C61BD001C570E /* AppDelegate.swift in Sources */,
				BCA974241B0C6896001C570E /* MailboxViewController.swift in Sources */,
			);
			runOnlyForDeploymentPostprocessing = 0;
		};
		BCA9740E1B0C61BD001C570E /* Sources */ = {
			isa = PBXSourcesBuildPhase;
			buildActionMask = 2147483647;
			files = (
				BCA974191B0C61BD001C570E /* week3_homework_mailboxTests.swift in Sources */,
			);
			runOnlyForDeploymentPostprocessing = 0;
		};
/* End PBXSourcesBuildPhase section */

/* Begin PBXTargetDependency section */
		BCA974141B0C61BD001C570E /* PBXTargetDependency */ = {
			isa = PBXTargetDependency;
			target = BCA973FC1B0C61BD001C570E /* week3-homework-mailbox */;
			targetProxy = BCA974131B0C61BD001C570E /* PBXContainerItemProxy */;
		};
/* End PBXTargetDependency section */

/* Begin PBXVariantGroup section */
		BCA974061B0C61BD001C570E /* Main.storyboard */ = {
			isa = PBXVariantGroup;
			children = (
				BCA974071B0C61BD001C570E /* Base */,
			);
			name = Main.storyboard;
			sourceTree = "<group>";
		};
/* End PBXVariantGroup section */

/* Begin XCBuildConfiguration section */
		BCA9741A1B0C61BD001C570E /* Debug */ = {
			isa = XCBuildConfiguration;
			buildSettings = {
				ALWAYS_SEARCH_USER_PATHS = NO;
				CLANG_CXX_LANGUAGE_STANDARD = "gnu++0x";
				CLANG_CXX_LIBRARY = "libc++";
				CLANG_ENABLE_MODULES = YES;
				CLANG_ENABLE_OBJC_ARC = YES;
				CLANG_WARN_BOOL_CONVERSION = YES;
				CLANG_WARN_CONSTANT_CONVERSION = YES;
				CLANG_WARN_DIRECT_OBJC_ISA_USAGE = YES_ERROR;
				CLANG_WARN_EMPTY_BODY = YES;
				CLANG_WARN_ENUM_CONVERSION = YES;
				CLANG_WARN_INT_CONVERSION = YES;
				CLANG_WARN_OBJC_ROOT_CLASS = YES_ERROR;
				CLANG_WARN_UNREACHABLE_CODE = YES;
				CLANG_WARN__DUPLICATE_METHOD_MATCH = YES;
				"CODE_SIGN_IDENTITY[sdk=iphoneos*]" = "iPhone Developer";
				COPY_PHASE_STRIP = NO;
				DEBUG_INFORMATION_FORMAT = "dwarf-with-dsym";
				ENABLE_STRICT_OBJC_MSGSEND = YES;
				GCC_C_LANGUAGE_STANDARD = gnu99;
				GCC_DYNAMIC_NO_PIC = NO;
				GCC_NO_COMMON_BLOCKS = YES;
				GCC_OPTIMIZATION_LEVEL = 0;
				GCC_PREPROCESSOR_DEFINITIONS = (
					"DEBUG=1",
					"$(inherited)",
				);
				GCC_SYMBOLS_PRIVATE_EXTERN = NO;
				GCC_WARN_64_TO_32_BIT_CONVERSION = YES;
				GCC_WARN_ABOUT_RETURN_TYPE = YES_ERROR;
				GCC_WARN_UNDECLARED_SELECTOR = YES;
				GCC_WARN_UNINITIALIZED_AUTOS = YES_AGGRESSIVE;
				GCC_WARN_UNUSED_FUNCTION = YES;
				GCC_WARN_UNUSED_VARIABLE = YES;
				IPHONEOS_DEPLOYMENT_TARGET = 8.3;
				MTL_ENABLE_DEBUG_INFO = YES;
				ONLY_ACTIVE_ARCH = YES;
				SDKROOT = iphoneos;
				SWIFT_OPTIMIZATION_LEVEL = "-Onone";
			};
			name = Debug;
		};
		BCA9741B1B0C61BD001C570E /* Release */ = {
			isa = XCBuildConfiguration;
			buildSettings = {
				ALWAYS_SEARCH_USER_PATHS = NO;
				CLANG_CXX_LANGUAGE_STANDARD = "gnu++0x";
				CLANG_CXX_LIBRARY = "libc++";
				CLANG_ENABLE_MODULES = YES;
				CLANG_ENABLE_OBJC_ARC = YES;
				CLANG_WARN_BOOL_CONVERSION = YES;
				CLANG_WARN_CONSTANT_CONVERSION = YES;
				CLANG_WARN_DIRECT_OBJC_ISA_USAGE = YES_ERROR;
				CLANG_WARN_EMPTY_BODY = YES;
				CLANG_WARN_ENUM_CONVERSION = YES;
				CLANG_WARN_INT_CONVERSION = YES;
				CLANG_WARN_OBJC_ROOT_CLASS = YES_ERROR;
				CLANG_WARN_UNREACHABLE_CODE = YES;
				CLANG_WARN__DUPLICATE_METHOD_MATCH = YES;
				"CODE_SIGN_IDENTITY[sdk=iphoneos*]" = "iPhone Developer";
				COPY_PHASE_STRIP = NO;
				DEBUG_INFORMATION_FORMAT = "dwarf-with-dsym";
				ENABLE_NS_ASSERTIONS = NO;
				ENABLE_STRICT_OBJC_MSGSEND = YES;
				GCC_C_LANGUAGE_STANDARD = gnu99;
				GCC_NO_COMMON_BLOCKS = YES;
				GCC_WARN_64_TO_32_BIT_CONVERSION = YES;
				GCC_WARN_ABOUT_RETURN_TYPE = YES_ERROR;
				GCC_WARN_UNDECLARED_SELECTOR = YES;
				GCC_WARN_UNINITIALIZED_AUTOS = YES_AGGRESSIVE;
				GCC_WARN_UNUSED_FUNCTION = YES;
				GCC_WARN_UNUSED_VARIABLE = YES;
				IPHONEOS_DEPLOYMENT_TARGET = 8.3;
				MTL_ENABLE_DEBUG_INFO = NO;
				SDKROOT = iphoneos;
				VALIDATE_PRODUCT = YES;
			};
			name = Release;
		};
		BCA9741D1B0C61BD001C570E /* Debug */ = {
			isa = XCBuildConfiguration;
			buildSettings = {
				ASSETCATALOG_COMPILER_APPICON_NAME = AppIcon;
				ASSETCATALOG_COMPILER_LAUNCHIMAGE_NAME = LaunchImage;
				INFOPLIST_FILE = "week3-homework-mailbox/Info.plist";
				LD_RUNPATH_SEARCH_PATHS = "$(inherited) @executable_path/Frameworks";
				PRODUCT_NAME = "$(TARGET_NAME)";
			};
			name = Debug;
		};
		BCA9741E1B0C61BD001C570E /* Release */ = {
			isa = XCBuildConfiguration;
			buildSettings = {
				ASSETCATALOG_COMPILER_APPICON_NAME = AppIcon;
				ASSETCATALOG_COMPILER_LAUNCHIMAGE_NAME = LaunchImage;
				INFOPLIST_FILE = "week3-homework-mailbox/Info.plist";
				LD_RUNPATH_SEARCH_PATHS = "$(inherited) @executable_path/Frameworks";
				PRODUCT_NAME = "$(TARGET_NAME)";
			};
			name = Release;
		};
		BCA974201B0C61BD001C570E /* Debug */ = {
			isa = XCBuildConfiguration;
			buildSettings = {
				BUNDLE_LOADER = "$(TEST_HOST)";
				FRAMEWORK_SEARCH_PATHS = (
					"$(SDKROOT)/Developer/Library/Frameworks",
					"$(inherited)",
				);
				GCC_PREPROCESSOR_DEFINITIONS = (
					"DEBUG=1",
					"$(inherited)",
				);
				INFOPLIST_FILE = "week3-homework-mailboxTests/Info.plist";
				LD_RUNPATH_SEARCH_PATHS = "$(inherited) @executable_path/Frameworks @loader_path/Frameworks";
				PRODUCT_NAME = "$(TARGET_NAME)";
				TEST_HOST = "$(BUILT_PRODUCTS_DIR)/week3-homework-mailbox.app/week3-homework-mailbox";
			};
			name = Debug;
		};
		BCA974211B0C61BD001C570E /* Release */ = {
			isa = XCBuildConfiguration;
			buildSettings = {
				BUNDLE_LOADER = "$(TEST_HOST)";
				FRAMEWORK_SEARCH_PATHS = (
					"$(SDKROOT)/Developer/Library/Frameworks",
					"$(inherited)",
				);
				INFOPLIST_FILE = "week3-homework-mailboxTests/Info.plist";
				LD_RUNPATH_SEARCH_PATHS = "$(inherited) @executable_path/Frameworks @loader_path/Frameworks";
				PRODUCT_NAME = "$(TARGET_NAME)";
				TEST_HOST = "$(BUILT_PRODUCTS_DIR)/week3-homework-mailbox.app/week3-homework-mailbox";
			};
			name = Release;
		};
/* End XCBuildConfiguration section */

/* Begin XCConfigurationList section */
		BCA973F81B0C61BD001C570E /* Build configuration list for PBXProject "week3-homework-mailbox" */ = {
			isa = XCConfigurationList;
			buildConfigurations = (
				BCA9741A1B0C61BD001C570E /* Debug */,
				BCA9741B1B0C61BD001C570E /* Release */,
			);
			defaultConfigurationIsVisible = 0;
			defaultConfigurationName = Release;
		};
		BCA9741C1B0C61BD001C570E /* Build configuration list for PBXNativeTarget "week3-homework-mailbox" */ = {
			isa = XCConfigurationList;
			buildConfigurations = (
				BCA9741D1B0C61BD001C570E /* Debug */,
				BCA9741E1B0C61BD001C570E /* Release */,
			);
			defaultConfigurationIsVisible = 0;
		};
		BCA9741F1B0C61BD001C570E /* Build configuration list for PBXNativeTarget "week3-homework-mailboxTests" */ = {
			isa = XCConfigurationList;
			buildConfigurations = (
				BCA974201B0C61BD001C570E /* Debug */,
				BCA974211B0C61BD001C570E /* Release */,
			);
			defaultConfigurationIsVisible = 0;
		};
/* End XCConfigurationList section */
	};
	rootObject = BCA973F51B0C61BD001C570E /* Project object */;
}
