// !$*UTF8*$!
{
	archiveVersion = 1;
	classes = {
	};
	objectVersion = 46;
	objects = {

/* Begin PBXBuildFile section */
		BCBB48B71B11BDAB00294D3B /* AppDelegate.swift in Sources */ = {isa = PBXBuildFile; fileRef = BCBB48B61B11BDAB00294D3B /* AppDelegate.swift */; };
		BCBB48BC1B11BDAB00294D3B /* Main.storyboard in Resources */ = {isa = PBXBuildFile; fileRef = BCBB48BA1B11BDAB00294D3B /* Main.storyboard */; };
		BCBB48BE1B11BDAB00294D3B /* Images.xcassets in Resources */ = {isa = PBXBuildFile; fileRef = BCBB48BD1B11BDAB00294D3B /* Images.xcassets */; };
		BCBB48CD1B11BDAB00294D3B /* week3_homework_mailboxTests.swift in Sources */ = {isa = PBXBuildFile; fileRef = BCBB48CC1B11BDAB00294D3B /* week3_homework_mailboxTests.swift */; };
		BCBB48D81B11BE7600294D3B /* MailboxViewController.swift in Sources */ = {isa = PBXBuildFile; fileRef = BCBB48D71B11BE7600294D3B /* MailboxViewController.swift */; };
/* End PBXBuildFile section */

/* Begin PBXContainerItemProxy section */
		BCBB48C71B11BDAB00294D3B /* PBXContainerItemProxy */ = {
			isa = PBXContainerItemProxy;
			containerPortal = BCBB48A91B11BDAA00294D3B /* Project object */;
			proxyType = 1;
			remoteGlobalIDString = BCBB48B01B11BDAA00294D3B;
			remoteInfo = "week3-homework-mailbox";
		};
/* End PBXContainerItemProxy section */

/* Begin PBXFileReference section */
		BCBB48B11B11BDAB00294D3B /* week3-homework-mailbox.app */ = {isa = PBXFileReference; explicitFileType = wrapper.application; includeInIndex = 0; path = "week3-homework-mailbox.app"; sourceTree = BUILT_PRODUCTS_DIR; };
		BCBB48B51B11BDAB00294D3B /* Info.plist */ = {isa = PBXFileReference; lastKnownFileType = text.plist.xml; path = Info.plist; sourceTree = "<group>"; };
		BCBB48B61B11BDAB00294D3B /* AppDelegate.swift */ = {isa = PBXFileReference; lastKnownFileType = sourcecode.swift; path = AppDelegate.swift; sourceTree = "<group>"; };
		BCBB48BB1B11BDAB00294D3B /* Base */ = {isa = PBXFileReference; lastKnownFileType = file.storyboard; name = Base; path = Base.lproj/Main.storyboard; sourceTree = "<group>"; };
		BCBB48BD1B11BDAB00294D3B /* Images.xcassets */ = {isa = PBXFileReference; lastKnownFileType = folder.assetcatalog; path = Images.xcassets; sourceTree = "<group>"; };
		BCBB48C61B11BDAB00294D3B /* week3-homework-mailboxTests.xctest */ = {isa = PBXFileReference; explicitFileType = wrapper.cfbundle; includeInIndex = 0; path = "week3-homework-mailboxTests.xctest"; sourceTree = BUILT_PRODUCTS_DIR; };
		BCBB48CB1B11BDAB00294D3B /* Info.plist */ = {isa = PBXFileReference; lastKnownFileType = text.plist.xml; path = Info.plist; sourceTree = "<group>"; };
		BCBB48CC1B11BDAB00294D3B /* week3_homework_mailboxTests.swift */ = {isa = PBXFileReference; lastKnownFileType = sourcecode.swift; path = week3_homework_mailboxTests.swift; sourceTree = "<group>"; };
		BCBB48D71B11BE7600294D3B /* MailboxViewController.swift */ = {isa = PBXFileReference; fileEncoding = 4; lastKnownFileType = sourcecode.swift; path = MailboxViewController.swift; sourceTree = "<group>"; };
/* End PBXFileReference section */

/* Begin PBXFrameworksBuildPhase section */
		BCBB48AE1B11BDAA00294D3B /* Frameworks */ = {
			isa = PBXFrameworksBuildPhase;
			buildActionMask = 2147483647;
			files = (
			);
			runOnlyForDeploymentPostprocessing = 0;
		};
		BCBB48C31B11BDAB00294D3B /* Frameworks */ = {
			isa = PBXFrameworksBuildPhase;
			buildActionMask = 2147483647;
			files = (
			);
			runOnlyForDeploymentPostprocessing = 0;
		};
/* End PBXFrameworksBuildPhase section */

/* Begin PBXGroup section */
		BCBB48A81B11BDAA00294D3B = {
			isa = PBXGroup;
			children = (
				BCBB48B31B11BDAB00294D3B /* week3-homework-mailbox */,
				BCBB48C91B11BDAB00294D3B /* week3-homework-mailboxTests */,
				BCBB48B21B11BDAB00294D3B /* Products */,
			);
			sourceTree = "<group>";
		};
		BCBB48B21B11BDAB00294D3B /* Products */ = {
			isa = PBXGroup;
			children = (
				BCBB48B11B11BDAB00294D3B /* week3-homework-mailbox.app */,
				BCBB48C61B11BDAB00294D3B /* week3-homework-mailboxTests.xctest */,
			);
			name = Products;
			sourceTree = "<group>";
		};
		BCBB48B31B11BDAB00294D3B /* week3-homework-mailbox */ = {
			isa = PBXGroup;
			children = (
				BCBB48B61B11BDAB00294D3B /* AppDelegate.swift */,
				BCBB48BA1B11BDAB00294D3B /* Main.storyboard */,
				BCBB48D61B11BDCE00294D3B /* ViewControllers */,
				BCBB48BD1B11BDAB00294D3B /* Images.xcassets */,
				BCBB48B41B11BDAB00294D3B /* Supporting Files */,
			);
			path = "week3-homework-mailbox";
			sourceTree = "<group>";
		};
		BCBB48B41B11BDAB00294D3B /* Supporting Files */ = {
			isa = PBXGroup;
			children = (
				BCBB48B51B11BDAB00294D3B /* Info.plist */,
			);
			name = "Supporting Files";
			sourceTree = "<group>";
		};
		BCBB48C91B11BDAB00294D3B /* week3-homework-mailboxTests */ = {
			isa = PBXGroup;
			children = (
				BCBB48CC1B11BDAB00294D3B /* week3_homework_mailboxTests.swift */,
				BCBB48CA1B11BDAB00294D3B /* Supporting Files */,
			);
			path = "week3-homework-mailboxTests";
			sourceTree = "<group>";
		};
		BCBB48CA1B11BDAB00294D3B /* Supporting Files */ = {
			isa = PBXGroup;
			children = (
				BCBB48CB1B11BDAB00294D3B /* Info.plist */,
			);
			name = "Supporting Files";
			sourceTree = "<group>";
		};
		BCBB48D61B11BDCE00294D3B /* ViewControllers */ = {
			isa = PBXGroup;
			children = (
				BCBB48D71B11BE7600294D3B /* MailboxViewController.swift */,
			);
			name = ViewControllers;
			sourceTree = "<group>";
		};
/* End PBXGroup section */

/* Begin PBXNativeTarget section */
		BCBB48B01B11BDAA00294D3B /* week3-homework-mailbox */ = {
			isa = PBXNativeTarget;
			buildConfigurationList = BCBB48D01B11BDAB00294D3B /* Build configuration list for PBXNativeTarget "week3-homework-mailbox" */;
			buildPhases = (
				BCBB48AD1B11BDAA00294D3B /* Sources */,
				BCBB48AE1B11BDAA00294D3B /* Frameworks */,
				BCBB48AF1B11BDAA00294D3B /* Resources */,
			);
			buildRules = (
			);
			dependencies = (
			);
			name = "week3-homework-mailbox";
			productName = "week3-homework-mailbox";
			productReference = BCBB48B11B11BDAB00294D3B /* week3-homework-mailbox.app */;
			productType = "com.apple.product-type.application";
		};
		BCBB48C51B11BDAB00294D3B /* week3-homework-mailboxTests */ = {
			isa = PBXNativeTarget;
			buildConfigurationList = BCBB48D31B11BDAB00294D3B /* Build configuration list for PBXNativeTarget "week3-homework-mailboxTests" */;
			buildPhases = (
				BCBB48C21B11BDAB00294D3B /* Sources */,
				BCBB48C31B11BDAB00294D3B /* Frameworks */,
				BCBB48C41B11BDAB00294D3B /* Resources */,
			);
			buildRules = (
			);
			dependencies = (
				BCBB48C81B11BDAB00294D3B /* PBXTargetDependency */,
			);
			name = "week3-homework-mailboxTests";
			productName = "week3-homework-mailboxTests";
			productReference = BCBB48C61B11BDAB00294D3B /* week3-homework-mailboxTests.xctest */;
			productType = "com.apple.product-type.bundle.unit-test";
		};
/* End PBXNativeTarget section */

/* Begin PBXProject section */
		BCBB48A91B11BDAA00294D3B /* Project object */ = {
			isa = PBXProject;
			attributes = {
				LastUpgradeCheck = 0630;
				ORGANIZATIONNAME = SayHey;
				TargetAttributes = {
					BCBB48B01B11BDAA00294D3B = {
						CreatedOnToolsVersion = 6.3.1;
					};
					BCBB48C51B11BDAB00294D3B = {
						CreatedOnToolsVersion = 6.3.1;
						TestTargetID = BCBB48B01B11BDAA00294D3B;
					};
				};
			};
			buildConfigurationList = BCBB48AC1B11BDAA00294D3B /* Build configuration list for PBXProject "week3-homework-mailbox" */;
			compatibilityVersion = "Xcode 3.2";
			developmentRegion = English;
			hasScannedForEncodings = 0;
			knownRegions = (
				en,
				Base,
			);
			mainGroup = BCBB48A81B11BDAA00294D3B;
			productRefGroup = BCBB48B21B11BDAB00294D3B /* Products */;
			projectDirPath = "";
			projectRoot = "";
			targets = (
				BCBB48B01B11BDAA00294D3B /* week3-homework-mailbox */,
				BCBB48C51B11BDAB00294D3B /* week3-homework-mailboxTests */,
			);
		};
/* End PBXProject section */

/* Begin PBXResourcesBuildPhase section */
		BCBB48AF1B11BDAA00294D3B /* Resources */ = {
			isa = PBXResourcesBuildPhase;
			buildActionMask = 2147483647;
			files = (
				BCBB48BC1B11BDAB00294D3B /* Main.storyboard in Resources */,
				BCBB48BE1B11BDAB00294D3B /* Images.xcassets in Resources */,
			);
			runOnlyForDeploymentPostprocessing = 0;
		};
		BCBB48C41B11BDAB00294D3B /* Resources */ = {
			isa = PBXResourcesBuildPhase;
			buildActionMask = 2147483647;
			files = (
			);
			runOnlyForDeploymentPostprocessing = 0;
		};
/* End PBXResourcesBuildPhase section */

/* Begin PBXSourcesBuildPhase section */
		BCBB48AD1B11BDAA00294D3B /* Sources */ = {
			isa = PBXSourcesBuildPhase;
			buildActionMask = 2147483647;
			files = (
				BCBB48B71B11BDAB00294D3B /* AppDelegate.swift in Sources */,
				BCBB48D81B11BE7600294D3B /* MailboxViewController.swift in Sources */,
			);
			runOnlyForDeploymentPostprocessing = 0;
		};
		BCBB48C21B11BDAB00294D3B /* Sources */ = {
			isa = PBXSourcesBuildPhase;
			buildActionMask = 2147483647;
			files = (
				BCBB48CD1B11BDAB00294D3B /* week3_homework_mailboxTests.swift in Sources */,
			);
			runOnlyForDeploymentPostprocessing = 0;
		};
/* End PBXSourcesBuildPhase section */

/* Begin PBXTargetDependency section */
		BCBB48C81B11BDAB00294D3B /* PBXTargetDependency */ = {
			isa = PBXTargetDependency;
			target = BCBB48B01B11BDAA00294D3B /* week3-homework-mailbox */;
			targetProxy = BCBB48C71B11BDAB00294D3B /* PBXContainerItemProxy */;
		};
/* End PBXTargetDependency section */

/* Begin PBXVariantGroup section */
		BCBB48BA1B11BDAB00294D3B /* Main.storyboard */ = {
			isa = PBXVariantGroup;
			children = (
				BCBB48BB1B11BDAB00294D3B /* Base */,
			);
			name = Main.storyboard;
			sourceTree = "<group>";
		};
/* End PBXVariantGroup section */

/* Begin XCBuildConfiguration section */
		BCBB48CE1B11BDAB00294D3B /* Debug */ = {
			isa = XCBuildConfiguration;
			buildSettings = {
				ALWAYS_SEARCH_USER_PATHS = NO;
				CLANG_CXX_LANGUAGE_STANDARD = "gnu++0x";
				CLANG_CXX_LIBRARY = "libc++";
				CLANG_ENABLE_MODULES = YES;
				CLANG_ENABLE_OBJC_ARC = YES;
				CLANG_WARN_BOOL_CONVERSION = YES;
				CLANG_WARN_CONSTANT_CONVERSION = YES;
				CLANG_WARN_DIRECT_OBJC_ISA_USAGE = YES_ERROR;
				CLANG_WARN_EMPTY_BODY = YES;
				CLANG_WARN_ENUM_CONVERSION = YES;
				CLANG_WARN_INT_CONVERSION = YES;
				CLANG_WARN_OBJC_ROOT_CLASS = YES_ERROR;
				CLANG_WARN_UNREACHABLE_CODE = YES;
				CLANG_WARN__DUPLICATE_METHOD_MATCH = YES;
				"CODE_SIGN_IDENTITY[sdk=iphoneos*]" = "iPhone Developer";
				COPY_PHASE_STRIP = NO;
				DEBUG_INFORMATION_FORMAT = "dwarf-with-dsym";
				ENABLE_STRICT_OBJC_MSGSEND = YES;
				GCC_C_LANGUAGE_STANDARD = gnu99;
				GCC_DYNAMIC_NO_PIC = NO;
				GCC_NO_COMMON_BLOCKS = YES;
				GCC_OPTIMIZATION_LEVEL = 0;
				GCC_PREPROCESSOR_DEFINITIONS = (
					"DEBUG=1",
					"$(inherited)",
				);
				GCC_SYMBOLS_PRIVATE_EXTERN = NO;
				GCC_WARN_64_TO_32_BIT_CONVERSION = YES;
				GCC_WARN_ABOUT_RETURN_TYPE = YES_ERROR;
				GCC_WARN_UNDECLARED_SELECTOR = YES;
				GCC_WARN_UNINITIALIZED_AUTOS = YES_AGGRESSIVE;
				GCC_WARN_UNUSED_FUNCTION = YES;
				GCC_WARN_UNUSED_VARIABLE = YES;
				IPHONEOS_DEPLOYMENT_TARGET = 8.3;
				MTL_ENABLE_DEBUG_INFO = YES;
				ONLY_ACTIVE_ARCH = YES;
				SDKROOT = iphoneos;
				SWIFT_OPTIMIZATION_LEVEL = "-Onone";
			};
			name = Debug;
		};
		BCBB48CF1B11BDAB00294D3B /* Release */ = {
			isa = XCBuildConfiguration;
			buildSettings = {
				ALWAYS_SEARCH_USER_PATHS = NO;
				CLANG_CXX_LANGUAGE_STANDARD = "gnu++0x";
				CLANG_CXX_LIBRARY = "libc++";
				CLANG_ENABLE_MODULES = YES;
				CLANG_ENABLE_OBJC_ARC = YES;
				CLANG_WARN_BOOL_CONVERSION = YES;
				CLANG_WARN_CONSTANT_CONVERSION = YES;
				CLANG_WARN_DIRECT_OBJC_ISA_USAGE = YES_ERROR;
				CLANG_WARN_EMPTY_BODY = YES;
				CLANG_WARN_ENUM_CONVERSION = YES;
				CLANG_WARN_INT_CONVERSION = YES;
				CLANG_WARN_OBJC_ROOT_CLASS = YES_ERROR;
				CLANG_WARN_UNREACHABLE_CODE = YES;
				CLANG_WARN__DUPLICATE_METHOD_MATCH = YES;
				"CODE_SIGN_IDENTITY[sdk=iphoneos*]" = "iPhone Developer";
				COPY_PHASE_STRIP = NO;
				DEBUG_INFORMATION_FORMAT = "dwarf-with-dsym";
				ENABLE_NS_ASSERTIONS = NO;
				ENABLE_STRICT_OBJC_MSGSEND = YES;
				GCC_C_LANGUAGE_STANDARD = gnu99;
				GCC_NO_COMMON_BLOCKS = YES;
				GCC_WARN_64_TO_32_BIT_CONVERSION = YES;
				GCC_WARN_ABOUT_RETURN_TYPE = YES_ERROR;
				GCC_WARN_UNDECLARED_SELECTOR = YES;
				GCC_WARN_UNINITIALIZED_AUTOS = YES_AGGRESSIVE;
				GCC_WARN_UNUSED_FUNCTION = YES;
				GCC_WARN_UNUSED_VARIABLE = YES;
				IPHONEOS_DEPLOYMENT_TARGET = 8.3;
				MTL_ENABLE_DEBUG_INFO = NO;
				SDKROOT = iphoneos;
				VALIDATE_PRODUCT = YES;
			};
			name = Release;
		};
		BCBB48D11B11BDAB00294D3B /* Debug */ = {
			isa = XCBuildConfiguration;
			buildSettings = {
				ASSETCATALOG_COMPILER_APPICON_NAME = AppIcon;
				ASSETCATALOG_COMPILER_LAUNCHIMAGE_NAME = LaunchImage;
				INFOPLIST_FILE = "week3-homework-mailbox/Info.plist";
				LD_RUNPATH_SEARCH_PATHS = "$(inherited) @executable_path/Frameworks";
				PRODUCT_NAME = "$(TARGET_NAME)";
			};
			name = Debug;
		};
		BCBB48D21B11BDAB00294D3B /* Release */ = {
			isa = XCBuildConfiguration;
			buildSettings = {
				ASSETCATALOG_COMPILER_APPICON_NAME = AppIcon;
				ASSETCATALOG_COMPILER_LAUNCHIMAGE_NAME = LaunchImage;
				INFOPLIST_FILE = "week3-homework-mailbox/Info.plist";
				LD_RUNPATH_SEARCH_PATHS = "$(inherited) @executable_path/Frameworks";
				PRODUCT_NAME = "$(TARGET_NAME)";
			};
			name = Release;
		};
		BCBB48D41B11BDAB00294D3B /* Debug */ = {
			isa = XCBuildConfiguration;
			buildSettings = {
				BUNDLE_LOADER = "$(TEST_HOST)";
				FRAMEWORK_SEARCH_PATHS = (
					"$(SDKROOT)/Developer/Library/Frameworks",
					"$(inherited)",
				);
				GCC_PREPROCESSOR_DEFINITIONS = (
					"DEBUG=1",
					"$(inherited)",
				);
				INFOPLIST_FILE = "week3-homework-mailboxTests/Info.plist";
				LD_RUNPATH_SEARCH_PATHS = "$(inherited) @executable_path/Frameworks @loader_path/Frameworks";
				PRODUCT_NAME = "$(TARGET_NAME)";
				TEST_HOST = "$(BUILT_PRODUCTS_DIR)/week3-homework-mailbox.app/week3-homework-mailbox";
			};
			name = Debug;
		};
		BCBB48D51B11BDAB00294D3B /* Release */ = {
			isa = XCBuildConfiguration;
			buildSettings = {
				BUNDLE_LOADER = "$(TEST_HOST)";
				FRAMEWORK_SEARCH_PATHS = (
					"$(SDKROOT)/Developer/Library/Frameworks",
					"$(inherited)",
				);
				INFOPLIST_FILE = "week3-homework-mailboxTests/Info.plist";
				LD_RUNPATH_SEARCH_PATHS = "$(inherited) @executable_path/Frameworks @loader_path/Frameworks";
				PRODUCT_NAME = "$(TARGET_NAME)";
				TEST_HOST = "$(BUILT_PRODUCTS_DIR)/week3-homework-mailbox.app/week3-homework-mailbox";
			};
			name = Release;
		};
/* End XCBuildConfiguration section */

/* Begin XCConfigurationList section */
		BCBB48AC1B11BDAA00294D3B /* Build configuration list for PBXProject "week3-homework-mailbox" */ = {
			isa = XCConfigurationList;
			buildConfigurations = (
				BCBB48CE1B11BDAB00294D3B /* Debug */,
				BCBB48CF1B11BDAB00294D3B /* Release */,
			);
			defaultConfigurationIsVisible = 0;
			defaultConfigurationName = Release;
		};
		BCBB48D01B11BDAB00294D3B /* Build configuration list for PBXNativeTarget "week3-homework-mailbox" */ = {
			isa = XCConfigurationList;
			buildConfigurations = (
				BCBB48D11B11BDAB00294D3B /* Debug */,
				BCBB48D21B11BDAB00294D3B /* Release */,
			);
			defaultConfigurationIsVisible = 0;
		};
		BCBB48D31B11BDAB00294D3B /* Build configuration list for PBXNativeTarget "week3-homework-mailboxTests" */ = {
			isa = XCConfigurationList;
			buildConfigurations = (
				BCBB48D41B11BDAB00294D3B /* Debug */,
				BCBB48D51B11BDAB00294D3B /* Release */,
			);
			defaultConfigurationIsVisible = 0;
		};
/* End XCConfigurationList section */
	};
	rootObject = BCBB48A91B11BDAA00294D3B /* Project object */;
}
