// !$*UTF8*$!
{
	archiveVersion = 1;
	classes = {
	};
	objectVersion = 46;
	objects = {

/* Begin PBXBuildFile section */
		BC3598361B0ADFF20096DC4E /* AppDelegate.swift in Sources */ = {isa = PBXBuildFile; fileRef = BC3598351B0ADFF20096DC4E /* AppDelegate.swift */; };
		BC3598381B0ADFF20096DC4E /* ViewController.swift in Sources */ = {isa = PBXBuildFile; fileRef = BC3598371B0ADFF20096DC4E /* ViewController.swift */; };
		BC35983B1B0ADFF20096DC4E /* Main.storyboard in Resources */ = {isa = PBXBuildFile; fileRef = BC3598391B0ADFF20096DC4E /* Main.storyboard */; };
		BC35983D1B0ADFF20096DC4E /* Images.xcassets in Resources */ = {isa = PBXBuildFile; fileRef = BC35983C1B0ADFF20096DC4E /* Images.xcassets */; };
		BC3598401B0ADFF20096DC4E /* LaunchScreen.xib in Resources */ = {isa = PBXBuildFile; fileRef = BC35983E1B0ADFF20096DC4E /* LaunchScreen.xib */; };
		BC35984C1B0ADFF20096DC4E /* week3_class1_project2Tests.swift in Sources */ = {isa = PBXBuildFile; fileRef = BC35984B1B0ADFF20096DC4E /* week3_class1_project2Tests.swift */; };
/* End PBXBuildFile section */

/* Begin PBXContainerItemProxy section */
		BC3598461B0ADFF20096DC4E /* PBXContainerItemProxy */ = {
			isa = PBXContainerItemProxy;
			containerPortal = BC3598281B0ADFF20096DC4E /* Project object */;
			proxyType = 1;
			remoteGlobalIDString = BC35982F1B0ADFF20096DC4E;
			remoteInfo = "week3-class1-project2";
		};
/* End PBXContainerItemProxy section */

/* Begin PBXFileReference section */
		BC3598301B0ADFF20096DC4E /* week3-class1-project2.app */ = {isa = PBXFileReference; explicitFileType = wrapper.application; includeInIndex = 0; path = "week3-class1-project2.app"; sourceTree = BUILT_PRODUCTS_DIR; };
		BC3598341B0ADFF20096DC4E /* Info.plist */ = {isa = PBXFileReference; lastKnownFileType = text.plist.xml; path = Info.plist; sourceTree = "<group>"; };
		BC3598351B0ADFF20096DC4E /* AppDelegate.swift */ = {isa = PBXFileReference; lastKnownFileType = sourcecode.swift; path = AppDelegate.swift; sourceTree = "<group>"; };
		BC3598371B0ADFF20096DC4E /* ViewController.swift */ = {isa = PBXFileReference; lastKnownFileType = sourcecode.swift; path = ViewController.swift; sourceTree = "<group>"; };
		BC35983A1B0ADFF20096DC4E /* Base */ = {isa = PBXFileReference; lastKnownFileType = file.storyboard; name = Base; path = Base.lproj/Main.storyboard; sourceTree = "<group>"; };
		BC35983C1B0ADFF20096DC4E /* Images.xcassets */ = {isa = PBXFileReference; lastKnownFileType = folder.assetcatalog; path = Images.xcassets; sourceTree = "<group>"; };
		BC35983F1B0ADFF20096DC4E /* Base */ = {isa = PBXFileReference; lastKnownFileType = file.xib; name = Base; path = Base.lproj/LaunchScreen.xib; sourceTree = "<group>"; };
		BC3598451B0ADFF20096DC4E /* week3-class1-project2Tests.xctest */ = {isa = PBXFileReference; explicitFileType = wrapper.cfbundle; includeInIndex = 0; path = "week3-class1-project2Tests.xctest"; sourceTree = BUILT_PRODUCTS_DIR; };
		BC35984A1B0ADFF20096DC4E /* Info.plist */ = {isa = PBXFileReference; lastKnownFileType = text.plist.xml; path = Info.plist; sourceTree = "<group>"; };
		BC35984B1B0ADFF20096DC4E /* week3_class1_project2Tests.swift */ = {isa = PBXFileReference; lastKnownFileType = sourcecode.swift; path = week3_class1_project2Tests.swift; sourceTree = "<group>"; };
/* End PBXFileReference section */

/* Begin PBXFrameworksBuildPhase section */
		BC35982D1B0ADFF20096DC4E /* Frameworks */ = {
			isa = PBXFrameworksBuildPhase;
			buildActionMask = 2147483647;
			files = (
			);
			runOnlyForDeploymentPostprocessing = 0;
		};
		BC3598421B0ADFF20096DC4E /* Frameworks */ = {
			isa = PBXFrameworksBuildPhase;
			buildActionMask = 2147483647;
			files = (
			);
			runOnlyForDeploymentPostprocessing = 0;
		};
/* End PBXFrameworksBuildPhase section */

/* Begin PBXGroup section */
		BC3598271B0ADFF20096DC4E = {
			isa = PBXGroup;
			children = (
				BC3598321B0ADFF20096DC4E /* week3-class1-project2 */,
				BC3598481B0ADFF20096DC4E /* week3-class1-project2Tests */,
				BC3598311B0ADFF20096DC4E /* Products */,
			);
			sourceTree = "<group>";
		};
		BC3598311B0ADFF20096DC4E /* Products */ = {
			isa = PBXGroup;
			children = (
				BC3598301B0ADFF20096DC4E /* week3-class1-project2.app */,
				BC3598451B0ADFF20096DC4E /* week3-class1-project2Tests.xctest */,
			);
			name = Products;
			sourceTree = "<group>";
		};
		BC3598321B0ADFF20096DC4E /* week3-class1-project2 */ = {
			isa = PBXGroup;
			children = (
				BC3598351B0ADFF20096DC4E /* AppDelegate.swift */,
				BC3598371B0ADFF20096DC4E /* ViewController.swift */,
				BC3598391B0ADFF20096DC4E /* Main.storyboard */,
				BC35983C1B0ADFF20096DC4E /* Images.xcassets */,
				BC35983E1B0ADFF20096DC4E /* LaunchScreen.xib */,
				BC3598331B0ADFF20096DC4E /* Supporting Files */,
			);
			path = "week3-class1-project2";
			sourceTree = "<group>";
		};
		BC3598331B0ADFF20096DC4E /* Supporting Files */ = {
			isa = PBXGroup;
			children = (
				BC3598341B0ADFF20096DC4E /* Info.plist */,
			);
			name = "Supporting Files";
			sourceTree = "<group>";
		};
		BC3598481B0ADFF20096DC4E /* week3-class1-project2Tests */ = {
			isa = PBXGroup;
			children = (
				BC35984B1B0ADFF20096DC4E /* week3_class1_project2Tests.swift */,
				BC3598491B0ADFF20096DC4E /* Supporting Files */,
			);
			path = "week3-class1-project2Tests";
			sourceTree = "<group>";
		};
		BC3598491B0ADFF20096DC4E /* Supporting Files */ = {
			isa = PBXGroup;
			children = (
				BC35984A1B0ADFF20096DC4E /* Info.plist */,
			);
			name = "Supporting Files";
			sourceTree = "<group>";
		};
/* End PBXGroup section */

/* Begin PBXNativeTarget section */
		BC35982F1B0ADFF20096DC4E /* week3-class1-project2 */ = {
			isa = PBXNativeTarget;
			buildConfigurationList = BC35984F1B0ADFF20096DC4E /* Build configuration list for PBXNativeTarget "week3-class1-project2" */;
			buildPhases = (
				BC35982C1B0ADFF20096DC4E /* Sources */,
				BC35982D1B0ADFF20096DC4E /* Frameworks */,
				BC35982E1B0ADFF20096DC4E /* Resources */,
			);
			buildRules = (
			);
			dependencies = (
			);
			name = "week3-class1-project2";
			productName = "week3-class1-project2";
			productReference = BC3598301B0ADFF20096DC4E /* week3-class1-project2.app */;
			productType = "com.apple.product-type.application";
		};
		BC3598441B0ADFF20096DC4E /* week3-class1-project2Tests */ = {
			isa = PBXNativeTarget;
			buildConfigurationList = BC3598521B0ADFF20096DC4E /* Build configuration list for PBXNativeTarget "week3-class1-project2Tests" */;
			buildPhases = (
				BC3598411B0ADFF20096DC4E /* Sources */,
				BC3598421B0ADFF20096DC4E /* Frameworks */,
				BC3598431B0ADFF20096DC4E /* Resources */,
			);
			buildRules = (
			);
			dependencies = (
				BC3598471B0ADFF20096DC4E /* PBXTargetDependency */,
			);
			name = "week3-class1-project2Tests";
			productName = "week3-class1-project2Tests";
			productReference = BC3598451B0ADFF20096DC4E /* week3-class1-project2Tests.xctest */;
			productType = "com.apple.product-type.bundle.unit-test";
		};
/* End PBXNativeTarget section */

/* Begin PBXProject section */
		BC3598281B0ADFF20096DC4E /* Project object */ = {
			isa = PBXProject;
			attributes = {
				LastUpgradeCheck = 0630;
				ORGANIZATIONNAME = SayHey;
				TargetAttributes = {
					BC35982F1B0ADFF20096DC4E = {
						CreatedOnToolsVersion = 6.3.1;
					};
					BC3598441B0ADFF20096DC4E = {
						CreatedOnToolsVersion = 6.3.1;
						TestTargetID = BC35982F1B0ADFF20096DC4E;
					};
				};
			};
			buildConfigurationList = BC35982B1B0ADFF20096DC4E /* Build configuration list for PBXProject "week3-class1-project2" */;
			compatibilityVersion = "Xcode 3.2";
			developmentRegion = English;
			hasScannedForEncodings = 0;
			knownRegions = (
				en,
				Base,
			);
			mainGroup = BC3598271B0ADFF20096DC4E;
			productRefGroup = BC3598311B0ADFF20096DC4E /* Products */;
			projectDirPath = "";
			projectRoot = "";
			targets = (
				BC35982F1B0ADFF20096DC4E /* week3-class1-project2 */,
				BC3598441B0ADFF20096DC4E /* week3-class1-project2Tests */,
			);
		};
/* End PBXProject section */

/* Begin PBXResourcesBuildPhase section */
		BC35982E1B0ADFF20096DC4E /* Resources */ = {
			isa = PBXResourcesBuildPhase;
			buildActionMask = 2147483647;
			files = (
				BC35983B1B0ADFF20096DC4E /* Main.storyboard in Resources */,
				BC3598401B0ADFF20096DC4E /* LaunchScreen.xib in Resources */,
				BC35983D1B0ADFF20096DC4E /* Images.xcassets in Resources */,
			);
			runOnlyForDeploymentPostprocessing = 0;
		};
		BC3598431B0ADFF20096DC4E /* Resources */ = {
			isa = PBXResourcesBuildPhase;
			buildActionMask = 2147483647;
			files = (
			);
			runOnlyForDeploymentPostprocessing = 0;
		};
/* End PBXResourcesBuildPhase section */

/* Begin PBXSourcesBuildPhase section */
		BC35982C1B0ADFF20096DC4E /* Sources */ = {
			isa = PBXSourcesBuildPhase;
			buildActionMask = 2147483647;
			files = (
				BC3598381B0ADFF20096DC4E /* ViewController.swift in Sources */,
				BC3598361B0ADFF20096DC4E /* AppDelegate.swift in Sources */,
			);
			runOnlyForDeploymentPostprocessing = 0;
		};
		BC3598411B0ADFF20096DC4E /* Sources */ = {
			isa = PBXSourcesBuildPhase;
			buildActionMask = 2147483647;
			files = (
				BC35984C1B0ADFF20096DC4E /* week3_class1_project2Tests.swift in Sources */,
			);
			runOnlyForDeploymentPostprocessing = 0;
		};
/* End PBXSourcesBuildPhase section */

/* Begin PBXTargetDependency section */
		BC3598471B0ADFF20096DC4E /* PBXTargetDependency */ = {
			isa = PBXTargetDependency;
			target = BC35982F1B0ADFF20096DC4E /* week3-class1-project2 */;
			targetProxy = BC3598461B0ADFF20096DC4E /* PBXContainerItemProxy */;
		};
/* End PBXTargetDependency section */

/* Begin PBXVariantGroup section */
		BC3598391B0ADFF20096DC4E /* Main.storyboard */ = {
			isa = PBXVariantGroup;
			children = (
				BC35983A1B0ADFF20096DC4E /* Base */,
			);
			name = Main.storyboard;
			sourceTree = "<group>";
		};
		BC35983E1B0ADFF20096DC4E /* LaunchScreen.xib */ = {
			isa = PBXVariantGroup;
			children = (
				BC35983F1B0ADFF20096DC4E /* Base */,
			);
			name = LaunchScreen.xib;
			sourceTree = "<group>";
		};
/* End PBXVariantGroup section */

/* Begin XCBuildConfiguration section */
		BC35984D1B0ADFF20096DC4E /* Debug */ = {
			isa = XCBuildConfiguration;
			buildSettings = {
				ALWAYS_SEARCH_USER_PATHS = NO;
				CLANG_CXX_LANGUAGE_STANDARD = "gnu++0x";
				CLANG_CXX_LIBRARY = "libc++";
				CLANG_ENABLE_MODULES = YES;
				CLANG_ENABLE_OBJC_ARC = YES;
				CLANG_WARN_BOOL_CONVERSION = YES;
				CLANG_WARN_CONSTANT_CONVERSION = YES;
				CLANG_WARN_DIRECT_OBJC_ISA_USAGE = YES_ERROR;
				CLANG_WARN_EMPTY_BODY = YES;
				CLANG_WARN_ENUM_CONVERSION = YES;
				CLANG_WARN_INT_CONVERSION = YES;
				CLANG_WARN_OBJC_ROOT_CLASS = YES_ERROR;
				CLANG_WARN_UNREACHABLE_CODE = YES;
				CLANG_WARN__DUPLICATE_METHOD_MATCH = YES;
				"CODE_SIGN_IDENTITY[sdk=iphoneos*]" = "iPhone Developer";
				COPY_PHASE_STRIP = NO;
				DEBUG_INFORMATION_FORMAT = "dwarf-with-dsym";
				ENABLE_STRICT_OBJC_MSGSEND = YES;
				GCC_C_LANGUAGE_STANDARD = gnu99;
				GCC_DYNAMIC_NO_PIC = NO;
				GCC_NO_COMMON_BLOCKS = YES;
				GCC_OPTIMIZATION_LEVEL = 0;
				GCC_PREPROCESSOR_DEFINITIONS = (
					"DEBUG=1",
					"$(inherited)",
				);
				GCC_SYMBOLS_PRIVATE_EXTERN = NO;
				GCC_WARN_64_TO_32_BIT_CONVERSION = YES;
				GCC_WARN_ABOUT_RETURN_TYPE = YES_ERROR;
				GCC_WARN_UNDECLARED_SELECTOR = YES;
				GCC_WARN_UNINITIALIZED_AUTOS = YES_AGGRESSIVE;
				GCC_WARN_UNUSED_FUNCTION = YES;
				GCC_WARN_UNUSED_VARIABLE = YES;
				IPHONEOS_DEPLOYMENT_TARGET = 8.3;
				MTL_ENABLE_DEBUG_INFO = YES;
				ONLY_ACTIVE_ARCH = YES;
				SDKROOT = iphoneos;
				SWIFT_OPTIMIZATION_LEVEL = "-Onone";
			};
			name = Debug;
		};
		BC35984E1B0ADFF20096DC4E /* Release */ = {
			isa = XCBuildConfiguration;
			buildSettings = {
				ALWAYS_SEARCH_USER_PATHS = NO;
				CLANG_CXX_LANGUAGE_STANDARD = "gnu++0x";
				CLANG_CXX_LIBRARY = "libc++";
				CLANG_ENABLE_MODULES = YES;
				CLANG_ENABLE_OBJC_ARC = YES;
				CLANG_WARN_BOOL_CONVERSION = YES;
				CLANG_WARN_CONSTANT_CONVERSION = YES;
				CLANG_WARN_DIRECT_OBJC_ISA_USAGE = YES_ERROR;
				CLANG_WARN_EMPTY_BODY = YES;
				CLANG_WARN_ENUM_CONVERSION = YES;
				CLANG_WARN_INT_CONVERSION = YES;
				CLANG_WARN_OBJC_ROOT_CLASS = YES_ERROR;
				CLANG_WARN_UNREACHABLE_CODE = YES;
				CLANG_WARN__DUPLICATE_METHOD_MATCH = YES;
				"CODE_SIGN_IDENTITY[sdk=iphoneos*]" = "iPhone Developer";
				COPY_PHASE_STRIP = NO;
				DEBUG_INFORMATION_FORMAT = "dwarf-with-dsym";
				ENABLE_NS_ASSERTIONS = NO;
				ENABLE_STRICT_OBJC_MSGSEND = YES;
				GCC_C_LANGUAGE_STANDARD = gnu99;
				GCC_NO_COMMON_BLOCKS = YES;
				GCC_WARN_64_TO_32_BIT_CONVERSION = YES;
				GCC_WARN_ABOUT_RETURN_TYPE = YES_ERROR;
				GCC_WARN_UNDECLARED_SELECTOR = YES;
				GCC_WARN_UNINITIALIZED_AUTOS = YES_AGGRESSIVE;
				GCC_WARN_UNUSED_FUNCTION = YES;
				GCC_WARN_UNUSED_VARIABLE = YES;
				IPHONEOS_DEPLOYMENT_TARGET = 8.3;
				MTL_ENABLE_DEBUG_INFO = NO;
				SDKROOT = iphoneos;
				VALIDATE_PRODUCT = YES;
			};
			name = Release;
		};
		BC3598501B0ADFF20096DC4E /* Debug */ = {
			isa = XCBuildConfiguration;
			buildSettings = {
				ASSETCATALOG_COMPILER_APPICON_NAME = AppIcon;
				INFOPLIST_FILE = "week3-class1-project2/Info.plist";
				LD_RUNPATH_SEARCH_PATHS = "$(inherited) @executable_path/Frameworks";
				PRODUCT_NAME = "$(TARGET_NAME)";
			};
			name = Debug;
		};
		BC3598511B0ADFF20096DC4E /* Release */ = {
			isa = XCBuildConfiguration;
			buildSettings = {
				ASSETCATALOG_COMPILER_APPICON_NAME = AppIcon;
				INFOPLIST_FILE = "week3-class1-project2/Info.plist";
				LD_RUNPATH_SEARCH_PATHS = "$(inherited) @executable_path/Frameworks";
				PRODUCT_NAME = "$(TARGET_NAME)";
			};
			name = Release;
		};
		BC3598531B0ADFF20096DC4E /* Debug */ = {
			isa = XCBuildConfiguration;
			buildSettings = {
				BUNDLE_LOADER = "$(TEST_HOST)";
				FRAMEWORK_SEARCH_PATHS = (
					"$(SDKROOT)/Developer/Library/Frameworks",
					"$(inherited)",
				);
				GCC_PREPROCESSOR_DEFINITIONS = (
					"DEBUG=1",
					"$(inherited)",
				);
				INFOPLIST_FILE = "week3-class1-project2Tests/Info.plist";
				LD_RUNPATH_SEARCH_PATHS = "$(inherited) @executable_path/Frameworks @loader_path/Frameworks";
				PRODUCT_NAME = "$(TARGET_NAME)";
				TEST_HOST = "$(BUILT_PRODUCTS_DIR)/week3-class1-project2.app/week3-class1-project2";
			};
			name = Debug;
		};
		BC3598541B0ADFF20096DC4E /* Release */ = {
			isa = XCBuildConfiguration;
			buildSettings = {
				BUNDLE_LOADER = "$(TEST_HOST)";
				FRAMEWORK_SEARCH_PATHS = (
					"$(SDKROOT)/Developer/Library/Frameworks",
					"$(inherited)",
				);
				INFOPLIST_FILE = "week3-class1-project2Tests/Info.plist";
				LD_RUNPATH_SEARCH_PATHS = "$(inherited) @executable_path/Frameworks @loader_path/Frameworks";
				PRODUCT_NAME = "$(TARGET_NAME)";
				TEST_HOST = "$(BUILT_PRODUCTS_DIR)/week3-class1-project2.app/week3-class1-project2";
			};
			name = Release;
		};
/* End XCBuildConfiguration section */

/* Begin XCConfigurationList section */
		BC35982B1B0ADFF20096DC4E /* Build configuration list for PBXProject "week3-class1-project2" */ = {
			isa = XCConfigurationList;
			buildConfigurations = (
				BC35984D1B0ADFF20096DC4E /* Debug */,
				BC35984E1B0ADFF20096DC4E /* Release */,
			);
			defaultConfigurationIsVisible = 0;
			defaultConfigurationName = Release;
		};
		BC35984F1B0ADFF20096DC4E /* Build configuration list for PBXNativeTarget "week3-class1-project2" */ = {
			isa = XCConfigurationList;
			buildConfigurations = (
				BC3598501B0ADFF20096DC4E /* Debug */,
				BC3598511B0ADFF20096DC4E /* Release */,
			);
			defaultConfigurationIsVisible = 0;
		};
		BC3598521B0ADFF20096DC4E /* Build configuration list for PBXNativeTarget "week3-class1-project2Tests" */ = {
			isa = XCConfigurationList;
			buildConfigurations = (
				BC3598531B0ADFF20096DC4E /* Debug */,
				BC3598541B0ADFF20096DC4E /* Release */,
			);
			defaultConfigurationIsVisible = 0;
		};
/* End XCConfigurationList section */
	};
	rootObject = BC3598281B0ADFF20096DC4E /* Project object */;
}
