// !$*UTF8*$!
{
	archiveVersion = 1;
	classes = {
	};
	objectVersion = 46;
	objects = {

/* Begin PBXBuildFile section */
		BC6C1DF61B14103B007C7613 /* AppDelegate.swift in Sources */ = {isa = PBXBuildFile; fileRef = BC6C1DF51B14103B007C7613 /* AppDelegate.swift */; };
		BC6C1DF81B14103B007C7613 /* ViewController.swift in Sources */ = {isa = PBXBuildFile; fileRef = BC6C1DF71B14103B007C7613 /* ViewController.swift */; };
		BC6C1DFB1B14103B007C7613 /* Main.storyboard in Resources */ = {isa = PBXBuildFile; fileRef = BC6C1DF91B14103B007C7613 /* Main.storyboard */; };
		BC6C1DFD1B14103B007C7613 /* Images.xcassets in Resources */ = {isa = PBXBuildFile; fileRef = BC6C1DFC1B14103B007C7613 /* Images.xcassets */; };
		BC6C1E0C1B14103B007C7613 /* week4_class_container_view_controllersTests.swift in Sources */ = {isa = PBXBuildFile; fileRef = BC6C1E0B1B14103B007C7613 /* week4_class_container_view_controllersTests.swift */; };
		BC6C1E1F1B14121D007C7613 /* BlueViewController.swift in Sources */ = {isa = PBXBuildFile; fileRef = BC6C1E1E1B14121D007C7613 /* BlueViewController.swift */; };
		BC6C1E211B141225007C7613 /* PinkViewController.swift in Sources */ = {isa = PBXBuildFile; fileRef = BC6C1E201B141225007C7613 /* PinkViewController.swift */; };
		BC6C1E231B141230007C7613 /* GreenViewController.swift in Sources */ = {isa = PBXBuildFile; fileRef = BC6C1E221B141230007C7613 /* GreenViewController.swift */; };
		BC6C1E251B14123B007C7613 /* TabBarViewController.swift in Sources */ = {isa = PBXBuildFile; fileRef = BC6C1E241B14123B007C7613 /* TabBarViewController.swift */; };
/* End PBXBuildFile section */

/* Begin PBXContainerItemProxy section */
		BC6C1E061B14103B007C7613 /* PBXContainerItemProxy */ = {
			isa = PBXContainerItemProxy;
			containerPortal = BC6C1DE81B14103B007C7613 /* Project object */;
			proxyType = 1;
			remoteGlobalIDString = BC6C1DEF1B14103B007C7613;
			remoteInfo = "week4-class-container-view-controllers";
		};
/* End PBXContainerItemProxy section */

/* Begin PBXFileReference section */
		BC6C1DF01B14103B007C7613 /* week4-class-container-view-controllers.app */ = {isa = PBXFileReference; explicitFileType = wrapper.application; includeInIndex = 0; path = "week4-class-container-view-controllers.app"; sourceTree = BUILT_PRODUCTS_DIR; };
		BC6C1DF41B14103B007C7613 /* Info.plist */ = {isa = PBXFileReference; lastKnownFileType = text.plist.xml; path = Info.plist; sourceTree = "<group>"; };
		BC6C1DF51B14103B007C7613 /* AppDelegate.swift */ = {isa = PBXFileReference; lastKnownFileType = sourcecode.swift; path = AppDelegate.swift; sourceTree = "<group>"; };
		BC6C1DF71B14103B007C7613 /* ViewController.swift */ = {isa = PBXFileReference; lastKnownFileType = sourcecode.swift; path = ViewController.swift; sourceTree = "<group>"; };
		BC6C1DFA1B14103B007C7613 /* Base */ = {isa = PBXFileReference; lastKnownFileType = file.storyboard; name = Base; path = Base.lproj/Main.storyboard; sourceTree = "<group>"; };
		BC6C1DFC1B14103B007C7613 /* Images.xcassets */ = {isa = PBXFileReference; lastKnownFileType = folder.assetcatalog; path = Images.xcassets; sourceTree = "<group>"; };
		BC6C1E051B14103B007C7613 /* week4-class-container-view-controllersTests.xctest */ = {isa = PBXFileReference; explicitFileType = wrapper.cfbundle; includeInIndex = 0; path = "week4-class-container-view-controllersTests.xctest"; sourceTree = BUILT_PRODUCTS_DIR; };
		BC6C1E0A1B14103B007C7613 /* Info.plist */ = {isa = PBXFileReference; lastKnownFileType = text.plist.xml; path = Info.plist; sourceTree = "<group>"; };
		BC6C1E0B1B14103B007C7613 /* week4_class_container_view_controllersTests.swift */ = {isa = PBXFileReference; lastKnownFileType = sourcecode.swift; path = week4_class_container_view_controllersTests.swift; sourceTree = "<group>"; };
		BC6C1E1E1B14121D007C7613 /* BlueViewController.swift */ = {isa = PBXFileReference; fileEncoding = 4; lastKnownFileType = sourcecode.swift; path = BlueViewController.swift; sourceTree = "<group>"; };
		BC6C1E201B141225007C7613 /* PinkViewController.swift */ = {isa = PBXFileReference; fileEncoding = 4; lastKnownFileType = sourcecode.swift; path = PinkViewController.swift; sourceTree = "<group>"; };
		BC6C1E221B141230007C7613 /* GreenViewController.swift */ = {isa = PBXFileReference; fileEncoding = 4; lastKnownFileType = sourcecode.swift; path = GreenViewController.swift; sourceTree = "<group>"; };
		BC6C1E241B14123B007C7613 /* TabBarViewController.swift */ = {isa = PBXFileReference; fileEncoding = 4; lastKnownFileType = sourcecode.swift; path = TabBarViewController.swift; sourceTree = "<group>"; };
/* End PBXFileReference section */

/* Begin PBXFrameworksBuildPhase section */
		BC6C1DED1B14103B007C7613 /* Frameworks */ = {
			isa = PBXFrameworksBuildPhase;
			buildActionMask = 2147483647;
			files = (
			);
			runOnlyForDeploymentPostprocessing = 0;
		};
		BC6C1E021B14103B007C7613 /* Frameworks */ = {
			isa = PBXFrameworksBuildPhase;
			buildActionMask = 2147483647;
			files = (
			);
			runOnlyForDeploymentPostprocessing = 0;
		};
/* End PBXFrameworksBuildPhase section */

/* Begin PBXGroup section */
		BC6C1DE71B14103B007C7613 = {
			isa = PBXGroup;
			children = (
				BC6C1DF21B14103B007C7613 /* week4-class-container-view-controllers */,
				BC6C1E081B14103B007C7613 /* week4-class-container-view-controllersTests */,
				BC6C1DF11B14103B007C7613 /* Products */,
			);
			sourceTree = "<group>";
		};
		BC6C1DF11B14103B007C7613 /* Products */ = {
			isa = PBXGroup;
			children = (
				BC6C1DF01B14103B007C7613 /* week4-class-container-view-controllers.app */,
				BC6C1E051B14103B007C7613 /* week4-class-container-view-controllersTests.xctest */,
			);
			name = Products;
			sourceTree = "<group>";
		};
		BC6C1DF21B14103B007C7613 /* week4-class-container-view-controllers */ = {
			isa = PBXGroup;
			children = (
				BC6C1E1D1B141209007C7613 /* VIew Controllers */,
				BC6C1DF51B14103B007C7613 /* AppDelegate.swift */,
				BC6C1DF71B14103B007C7613 /* ViewController.swift */,
				BC6C1DF91B14103B007C7613 /* Main.storyboard */,
				BC6C1DFC1B14103B007C7613 /* Images.xcassets */,
				BC6C1DF31B14103B007C7613 /* Supporting Files */,
			);
			path = "week4-class-container-view-controllers";
			sourceTree = "<group>";
		};
		BC6C1DF31B14103B007C7613 /* Supporting Files */ = {
			isa = PBXGroup;
			children = (
				BC6C1DF41B14103B007C7613 /* Info.plist */,
			);
			name = "Supporting Files";
			sourceTree = "<group>";
		};
		BC6C1E081B14103B007C7613 /* week4-class-container-view-controllersTests */ = {
			isa = PBXGroup;
			children = (
				BC6C1E0B1B14103B007C7613 /* week4_class_container_view_controllersTests.swift */,
				BC6C1E091B14103B007C7613 /* Supporting Files */,
			);
			path = "week4-class-container-view-controllersTests";
			sourceTree = "<group>";
		};
		BC6C1E091B14103B007C7613 /* Supporting Files */ = {
			isa = PBXGroup;
			children = (
				BC6C1E0A1B14103B007C7613 /* Info.plist */,
			);
			name = "Supporting Files";
			sourceTree = "<group>";
		};
		BC6C1E1D1B141209007C7613 /* VIew Controllers */ = {
			isa = PBXGroup;
			children = (
				BC6C1E1E1B14121D007C7613 /* BlueViewController.swift */,
				BC6C1E201B141225007C7613 /* PinkViewController.swift */,
				BC6C1E221B141230007C7613 /* GreenViewController.swift */,
				BC6C1E241B14123B007C7613 /* TabBarViewController.swift */,
			);
			name = "VIew Controllers";
			sourceTree = "<group>";
		};
/* End PBXGroup section */

/* Begin PBXNativeTarget section */
		BC6C1DEF1B14103B007C7613 /* week4-class-container-view-controllers */ = {
			isa = PBXNativeTarget;
			buildConfigurationList = BC6C1E0F1B14103B007C7613 /* Build configuration list for PBXNativeTarget "week4-class-container-view-controllers" */;
			buildPhases = (
				BC6C1DEC1B14103B007C7613 /* Sources */,
				BC6C1DED1B14103B007C7613 /* Frameworks */,
				BC6C1DEE1B14103B007C7613 /* Resources */,
			);
			buildRules = (
			);
			dependencies = (
			);
			name = "week4-class-container-view-controllers";
			productName = "week4-class-container-view-controllers";
			productReference = BC6C1DF01B14103B007C7613 /* week4-class-container-view-controllers.app */;
			productType = "com.apple.product-type.application";
		};
		BC6C1E041B14103B007C7613 /* week4-class-container-view-controllersTests */ = {
			isa = PBXNativeTarget;
			buildConfigurationList = BC6C1E121B14103B007C7613 /* Build configuration list for PBXNativeTarget "week4-class-container-view-controllersTests" */;
			buildPhases = (
				BC6C1E011B14103B007C7613 /* Sources */,
				BC6C1E021B14103B007C7613 /* Frameworks */,
				BC6C1E031B14103B007C7613 /* Resources */,
			);
			buildRules = (
			);
			dependencies = (
				BC6C1E071B14103B007C7613 /* PBXTargetDependency */,
			);
			name = "week4-class-container-view-controllersTests";
			productName = "week4-class-container-view-controllersTests";
			productReference = BC6C1E051B14103B007C7613 /* week4-class-container-view-controllersTests.xctest */;
			productType = "com.apple.product-type.bundle.unit-test";
		};
/* End PBXNativeTarget section */

/* Begin PBXProject section */
		BC6C1DE81B14103B007C7613 /* Project object */ = {
			isa = PBXProject;
			attributes = {
				LastUpgradeCheck = 0630;
				ORGANIZATIONNAME = SayHey;
				TargetAttributes = {
					BC6C1DEF1B14103B007C7613 = {
						CreatedOnToolsVersion = 6.3.1;
					};
					BC6C1E041B14103B007C7613 = {
						CreatedOnToolsVersion = 6.3.1;
						TestTargetID = BC6C1DEF1B14103B007C7613;
					};
				};
			};
			buildConfigurationList = BC6C1DEB1B14103B007C7613 /* Build configuration list for PBXProject "week4-class-container-view-controllers" */;
			compatibilityVersion = "Xcode 3.2";
			developmentRegion = English;
			hasScannedForEncodings = 0;
			knownRegions = (
				en,
				Base,
			);
			mainGroup = BC6C1DE71B14103B007C7613;
			productRefGroup = BC6C1DF11B14103B007C7613 /* Products */;
			projectDirPath = "";
			projectRoot = "";
			targets = (
				BC6C1DEF1B14103B007C7613 /* week4-class-container-view-controllers */,
				BC6C1E041B14103B007C7613 /* week4-class-container-view-controllersTests */,
			);
		};
/* End PBXProject section */

/* Begin PBXResourcesBuildPhase section */
		BC6C1DEE1B14103B007C7613 /* Resources */ = {
			isa = PBXResourcesBuildPhase;
			buildActionMask = 2147483647;
			files = (
				BC6C1DFB1B14103B007C7613 /* Main.storyboard in Resources */,
				BC6C1DFD1B14103B007C7613 /* Images.xcassets in Resources */,
			);
			runOnlyForDeploymentPostprocessing = 0;
		};
		BC6C1E031B14103B007C7613 /* Resources */ = {
			isa = PBXResourcesBuildPhase;
			buildActionMask = 2147483647;
			files = (
			);
			runOnlyForDeploymentPostprocessing = 0;
		};
/* End PBXResourcesBuildPhase section */

/* Begin PBXSourcesBuildPhase section */
		BC6C1DEC1B14103B007C7613 /* Sources */ = {
			isa = PBXSourcesBuildPhase;
			buildActionMask = 2147483647;
			files = (
				BC6C1E211B141225007C7613 /* PinkViewController.swift in Sources */,
				BC6C1DF81B14103B007C7613 /* ViewController.swift in Sources */,
				BC6C1E1F1B14121D007C7613 /* BlueViewController.swift in Sources */,
				BC6C1DF61B14103B007C7613 /* AppDelegate.swift in Sources */,
				BC6C1E251B14123B007C7613 /* TabBarViewController.swift in Sources */,
				BC6C1E231B141230007C7613 /* GreenViewController.swift in Sources */,
			);
			runOnlyForDeploymentPostprocessing = 0;
		};
		BC6C1E011B14103B007C7613 /* Sources */ = {
			isa = PBXSourcesBuildPhase;
			buildActionMask = 2147483647;
			files = (
				BC6C1E0C1B14103B007C7613 /* week4_class_container_view_controllersTests.swift in Sources */,
			);
			runOnlyForDeploymentPostprocessing = 0;
		};
/* End PBXSourcesBuildPhase section */

/* Begin PBXTargetDependency section */
		BC6C1E071B14103B007C7613 /* PBXTargetDependency */ = {
			isa = PBXTargetDependency;
			target = BC6C1DEF1B14103B007C7613 /* week4-class-container-view-controllers */;
			targetProxy = BC6C1E061B14103B007C7613 /* PBXContainerItemProxy */;
		};
/* End PBXTargetDependency section */

/* Begin PBXVariantGroup section */
		BC6C1DF91B14103B007C7613 /* Main.storyboard */ = {
			isa = PBXVariantGroup;
			children = (
				BC6C1DFA1B14103B007C7613 /* Base */,
			);
			name = Main.storyboard;
			sourceTree = "<group>";
		};
/* End PBXVariantGroup section */

/* Begin XCBuildConfiguration section */
		BC6C1E0D1B14103B007C7613 /* Debug */ = {
			isa = XCBuildConfiguration;
			buildSettings = {
				ALWAYS_SEARCH_USER_PATHS = NO;
				CLANG_CXX_LANGUAGE_STANDARD = "gnu++0x";
				CLANG_CXX_LIBRARY = "libc++";
				CLANG_ENABLE_MODULES = YES;
				CLANG_ENABLE_OBJC_ARC = YES;
				CLANG_WARN_BOOL_CONVERSION = YES;
				CLANG_WARN_CONSTANT_CONVERSION = YES;
				CLANG_WARN_DIRECT_OBJC_ISA_USAGE = YES_ERROR;
				CLANG_WARN_EMPTY_BODY = YES;
				CLANG_WARN_ENUM_CONVERSION = YES;
				CLANG_WARN_INT_CONVERSION = YES;
				CLANG_WARN_OBJC_ROOT_CLASS = YES_ERROR;
				CLANG_WARN_UNREACHABLE_CODE = YES;
				CLANG_WARN__DUPLICATE_METHOD_MATCH = YES;
				"CODE_SIGN_IDENTITY[sdk=iphoneos*]" = "iPhone Developer";
				COPY_PHASE_STRIP = NO;
				DEBUG_INFORMATION_FORMAT = "dwarf-with-dsym";
				ENABLE_STRICT_OBJC_MSGSEND = YES;
				GCC_C_LANGUAGE_STANDARD = gnu99;
				GCC_DYNAMIC_NO_PIC = NO;
				GCC_NO_COMMON_BLOCKS = YES;
				GCC_OPTIMIZATION_LEVEL = 0;
				GCC_PREPROCESSOR_DEFINITIONS = (
					"DEBUG=1",
					"$(inherited)",
				);
				GCC_SYMBOLS_PRIVATE_EXTERN = NO;
				GCC_WARN_64_TO_32_BIT_CONVERSION = YES;
				GCC_WARN_ABOUT_RETURN_TYPE = YES_ERROR;
				GCC_WARN_UNDECLARED_SELECTOR = YES;
				GCC_WARN_UNINITIALIZED_AUTOS = YES_AGGRESSIVE;
				GCC_WARN_UNUSED_FUNCTION = YES;
				GCC_WARN_UNUSED_VARIABLE = YES;
				IPHONEOS_DEPLOYMENT_TARGET = 8.3;
				MTL_ENABLE_DEBUG_INFO = YES;
				ONLY_ACTIVE_ARCH = YES;
				SDKROOT = iphoneos;
				SWIFT_OPTIMIZATION_LEVEL = "-Onone";
			};
			name = Debug;
		};
		BC6C1E0E1B14103B007C7613 /* Release */ = {
			isa = XCBuildConfiguration;
			buildSettings = {
				ALWAYS_SEARCH_USER_PATHS = NO;
				CLANG_CXX_LANGUAGE_STANDARD = "gnu++0x";
				CLANG_CXX_LIBRARY = "libc++";
				CLANG_ENABLE_MODULES = YES;
				CLANG_ENABLE_OBJC_ARC = YES;
				CLANG_WARN_BOOL_CONVERSION = YES;
				CLANG_WARN_CONSTANT_CONVERSION = YES;
				CLANG_WARN_DIRECT_OBJC_ISA_USAGE = YES_ERROR;
				CLANG_WARN_EMPTY_BODY = YES;
				CLANG_WARN_ENUM_CONVERSION = YES;
				CLANG_WARN_INT_CONVERSION = YES;
				CLANG_WARN_OBJC_ROOT_CLASS = YES_ERROR;
				CLANG_WARN_UNREACHABLE_CODE = YES;
				CLANG_WARN__DUPLICATE_METHOD_MATCH = YES;
				"CODE_SIGN_IDENTITY[sdk=iphoneos*]" = "iPhone Developer";
				COPY_PHASE_STRIP = NO;
				DEBUG_INFORMATION_FORMAT = "dwarf-with-dsym";
				ENABLE_NS_ASSERTIONS = NO;
				ENABLE_STRICT_OBJC_MSGSEND = YES;
				GCC_C_LANGUAGE_STANDARD = gnu99;
				GCC_NO_COMMON_BLOCKS = YES;
				GCC_WARN_64_TO_32_BIT_CONVERSION = YES;
				GCC_WARN_ABOUT_RETURN_TYPE = YES_ERROR;
				GCC_WARN_UNDECLARED_SELECTOR = YES;
				GCC_WARN_UNINITIALIZED_AUTOS = YES_AGGRESSIVE;
				GCC_WARN_UNUSED_FUNCTION = YES;
				GCC_WARN_UNUSED_VARIABLE = YES;
				IPHONEOS_DEPLOYMENT_TARGET = 8.3;
				MTL_ENABLE_DEBUG_INFO = NO;
				SDKROOT = iphoneos;
				VALIDATE_PRODUCT = YES;
			};
			name = Release;
		};
		BC6C1E101B14103B007C7613 /* Debug */ = {
			isa = XCBuildConfiguration;
			buildSettings = {
				ASSETCATALOG_COMPILER_APPICON_NAME = AppIcon;
				ASSETCATALOG_COMPILER_LAUNCHIMAGE_NAME = LaunchImage;
				INFOPLIST_FILE = "week4-class-container-view-controllers/Info.plist";
				LD_RUNPATH_SEARCH_PATHS = "$(inherited) @executable_path/Frameworks";
				PRODUCT_NAME = "$(TARGET_NAME)";
			};
			name = Debug;
		};
		BC6C1E111B14103B007C7613 /* Release */ = {
			isa = XCBuildConfiguration;
			buildSettings = {
				ASSETCATALOG_COMPILER_APPICON_NAME = AppIcon;
				ASSETCATALOG_COMPILER_LAUNCHIMAGE_NAME = LaunchImage;
				INFOPLIST_FILE = "week4-class-container-view-controllers/Info.plist";
				LD_RUNPATH_SEARCH_PATHS = "$(inherited) @executable_path/Frameworks";
				PRODUCT_NAME = "$(TARGET_NAME)";
			};
			name = Release;
		};
		BC6C1E131B14103B007C7613 /* Debug */ = {
			isa = XCBuildConfiguration;
			buildSettings = {
				BUNDLE_LOADER = "$(TEST_HOST)";
				FRAMEWORK_SEARCH_PATHS = (
					"$(SDKROOT)/Developer/Library/Frameworks",
					"$(inherited)",
				);
				GCC_PREPROCESSOR_DEFINITIONS = (
					"DEBUG=1",
					"$(inherited)",
				);
				INFOPLIST_FILE = "week4-class-container-view-controllersTests/Info.plist";
				LD_RUNPATH_SEARCH_PATHS = "$(inherited) @executable_path/Frameworks @loader_path/Frameworks";
				PRODUCT_NAME = "$(TARGET_NAME)";
				TEST_HOST = "$(BUILT_PRODUCTS_DIR)/week4-class-container-view-controllers.app/week4-class-container-view-controllers";
			};
			name = Debug;
		};
		BC6C1E141B14103B007C7613 /* Release */ = {
			isa = XCBuildConfiguration;
			buildSettings = {
				BUNDLE_LOADER = "$(TEST_HOST)";
				FRAMEWORK_SEARCH_PATHS = (
					"$(SDKROOT)/Developer/Library/Frameworks",
					"$(inherited)",
				);
				INFOPLIST_FILE = "week4-class-container-view-controllersTests/Info.plist";
				LD_RUNPATH_SEARCH_PATHS = "$(inherited) @executable_path/Frameworks @loader_path/Frameworks";
				PRODUCT_NAME = "$(TARGET_NAME)";
				TEST_HOST = "$(BUILT_PRODUCTS_DIR)/week4-class-container-view-controllers.app/week4-class-container-view-controllers";
			};
			name = Release;
		};
/* End XCBuildConfiguration section */

/* Begin XCConfigurationList section */
		BC6C1DEB1B14103B007C7613 /* Build configuration list for PBXProject "week4-class-container-view-controllers" */ = {
			isa = XCConfigurationList;
			buildConfigurations = (
				BC6C1E0D1B14103B007C7613 /* Debug */,
				BC6C1E0E1B14103B007C7613 /* Release */,
			);
			defaultConfigurationIsVisible = 0;
			defaultConfigurationName = Release;
		};
		BC6C1E0F1B14103B007C7613 /* Build configuration list for PBXNativeTarget "week4-class-container-view-controllers" */ = {
			isa = XCConfigurationList;
			buildConfigurations = (
				BC6C1E101B14103B007C7613 /* Debug */,
				BC6C1E111B14103B007C7613 /* Release */,
			);
			defaultConfigurationIsVisible = 0;
		};
		BC6C1E121B14103B007C7613 /* Build configuration list for PBXNativeTarget "week4-class-container-view-controllersTests" */ = {
			isa = XCConfigurationList;
			buildConfigurations = (
				BC6C1E131B14103B007C7613 /* Debug */,
				BC6C1E141B14103B007C7613 /* Release */,
			);
			defaultConfigurationIsVisible = 0;
		};
/* End XCConfigurationList section */
	};
	rootObject = BC6C1DE81B14103B007C7613 /* Project object */;
}
