// !$*UTF8*$!
{
	archiveVersion = 1;
	classes = {
	};
	objectVersion = 46;
	objects = {

/* Begin PBXBuildFile section */
		BCAE06561B26835D008252FB /* AppDelegate.swift in Sources */ = {isa = PBXBuildFile; fileRef = BCAE06551B26835D008252FB /* AppDelegate.swift */; };
		BCAE06581B26835D008252FB /* ViewController.swift in Sources */ = {isa = PBXBuildFile; fileRef = BCAE06571B26835D008252FB /* ViewController.swift */; };
		BCAE065B1B26835D008252FB /* Main.storyboard in Resources */ = {isa = PBXBuildFile; fileRef = BCAE06591B26835D008252FB /* Main.storyboard */; };
		BCAE065D1B26835D008252FB /* Images.xcassets in Resources */ = {isa = PBXBuildFile; fileRef = BCAE065C1B26835D008252FB /* Images.xcassets */; };
		BCAE06601B26835D008252FB /* LaunchScreen.xib in Resources */ = {isa = PBXBuildFile; fileRef = BCAE065E1B26835D008252FB /* LaunchScreen.xib */; };
		BCAE066C1B26835D008252FB /* table_view_demoTests.swift in Sources */ = {isa = PBXBuildFile; fileRef = BCAE066B1B26835D008252FB /* table_view_demoTests.swift */; };
		BCAE06761B2685B0008252FB /* TableViewCell.swift in Sources */ = {isa = PBXBuildFile; fileRef = BCAE06751B2685B0008252FB /* TableViewCell.swift */; };
/* End PBXBuildFile section */

/* Begin PBXContainerItemProxy section */
		BCAE06661B26835D008252FB /* PBXContainerItemProxy */ = {
			isa = PBXContainerItemProxy;
			containerPortal = BCAE06481B26835D008252FB /* Project object */;
			proxyType = 1;
			remoteGlobalIDString = BCAE064F1B26835D008252FB;
			remoteInfo = "table-view-demo";
		};
/* End PBXContainerItemProxy section */

/* Begin PBXFileReference section */
		BCAE06501B26835D008252FB /* table-view-demo.app */ = {isa = PBXFileReference; explicitFileType = wrapper.application; includeInIndex = 0; path = "table-view-demo.app"; sourceTree = BUILT_PRODUCTS_DIR; };
		BCAE06541B26835D008252FB /* Info.plist */ = {isa = PBXFileReference; lastKnownFileType = text.plist.xml; path = Info.plist; sourceTree = "<group>"; };
		BCAE06551B26835D008252FB /* AppDelegate.swift */ = {isa = PBXFileReference; lastKnownFileType = sourcecode.swift; path = AppDelegate.swift; sourceTree = "<group>"; };
		BCAE06571B26835D008252FB /* ViewController.swift */ = {isa = PBXFileReference; lastKnownFileType = sourcecode.swift; path = ViewController.swift; sourceTree = "<group>"; };
		BCAE065A1B26835D008252FB /* Base */ = {isa = PBXFileReference; lastKnownFileType = file.storyboard; name = Base; path = Base.lproj/Main.storyboard; sourceTree = "<group>"; };
		BCAE065C1B26835D008252FB /* Images.xcassets */ = {isa = PBXFileReference; lastKnownFileType = folder.assetcatalog; path = Images.xcassets; sourceTree = "<group>"; };
		BCAE065F1B26835D008252FB /* Base */ = {isa = PBXFileReference; lastKnownFileType = file.xib; name = Base; path = Base.lproj/LaunchScreen.xib; sourceTree = "<group>"; };
		BCAE06651B26835D008252FB /* table-view-demoTests.xctest */ = {isa = PBXFileReference; explicitFileType = wrapper.cfbundle; includeInIndex = 0; path = "table-view-demoTests.xctest"; sourceTree = BUILT_PRODUCTS_DIR; };
		BCAE066A1B26835D008252FB /* Info.plist */ = {isa = PBXFileReference; lastKnownFileType = text.plist.xml; path = Info.plist; sourceTree = "<group>"; };
		BCAE066B1B26835D008252FB /* table_view_demoTests.swift */ = {isa = PBXFileReference; lastKnownFileType = sourcecode.swift; path = table_view_demoTests.swift; sourceTree = "<group>"; };
		BCAE06751B2685B0008252FB /* TableViewCell.swift */ = {isa = PBXFileReference; fileEncoding = 4; lastKnownFileType = sourcecode.swift; path = TableViewCell.swift; sourceTree = "<group>"; };
/* End PBXFileReference section */

/* Begin PBXFrameworksBuildPhase section */
		BCAE064D1B26835D008252FB /* Frameworks */ = {
			isa = PBXFrameworksBuildPhase;
			buildActionMask = 2147483647;
			files = (
			);
			runOnlyForDeploymentPostprocessing = 0;
		};
		BCAE06621B26835D008252FB /* Frameworks */ = {
			isa = PBXFrameworksBuildPhase;
			buildActionMask = 2147483647;
			files = (
			);
			runOnlyForDeploymentPostprocessing = 0;
		};
/* End PBXFrameworksBuildPhase section */

/* Begin PBXGroup section */
		BCAE06471B26835D008252FB = {
			isa = PBXGroup;
			children = (
				BCAE06521B26835D008252FB /* table-view-demo */,
				BCAE06681B26835D008252FB /* table-view-demoTests */,
				BCAE06511B26835D008252FB /* Products */,
			);
			sourceTree = "<group>";
		};
		BCAE06511B26835D008252FB /* Products */ = {
			isa = PBXGroup;
			children = (
				BCAE06501B26835D008252FB /* table-view-demo.app */,
				BCAE06651B26835D008252FB /* table-view-demoTests.xctest */,
			);
			name = Products;
			sourceTree = "<group>";
		};
		BCAE06521B26835D008252FB /* table-view-demo */ = {
			isa = PBXGroup;
			children = (
				BCAE06551B26835D008252FB /* AppDelegate.swift */,
				BCAE06571B26835D008252FB /* ViewController.swift */,
				BCAE06591B26835D008252FB /* Main.storyboard */,
				BCAE065C1B26835D008252FB /* Images.xcassets */,
				BCAE065E1B26835D008252FB /* LaunchScreen.xib */,
				BCAE06531B26835D008252FB /* Supporting Files */,
				BCAE06751B2685B0008252FB /* TableViewCell.swift */,
			);
			path = "table-view-demo";
			sourceTree = "<group>";
		};
		BCAE06531B26835D008252FB /* Supporting Files */ = {
			isa = PBXGroup;
			children = (
				BCAE06541B26835D008252FB /* Info.plist */,
			);
			name = "Supporting Files";
			sourceTree = "<group>";
		};
		BCAE06681B26835D008252FB /* table-view-demoTests */ = {
			isa = PBXGroup;
			children = (
				BCAE066B1B26835D008252FB /* table_view_demoTests.swift */,
				BCAE06691B26835D008252FB /* Supporting Files */,
			);
			path = "table-view-demoTests";
			sourceTree = "<group>";
		};
		BCAE06691B26835D008252FB /* Supporting Files */ = {
			isa = PBXGroup;
			children = (
				BCAE066A1B26835D008252FB /* Info.plist */,
			);
			name = "Supporting Files";
			sourceTree = "<group>";
		};
/* End PBXGroup section */

/* Begin PBXNativeTarget section */
		BCAE064F1B26835D008252FB /* table-view-demo */ = {
			isa = PBXNativeTarget;
			buildConfigurationList = BCAE066F1B26835D008252FB /* Build configuration list for PBXNativeTarget "table-view-demo" */;
			buildPhases = (
				BCAE064C1B26835D008252FB /* Sources */,
				BCAE064D1B26835D008252FB /* Frameworks */,
				BCAE064E1B26835D008252FB /* Resources */,
			);
			buildRules = (
			);
			dependencies = (
			);
			name = "table-view-demo";
			productName = "table-view-demo";
			productReference = BCAE06501B26835D008252FB /* table-view-demo.app */;
			productType = "com.apple.product-type.application";
		};
		BCAE06641B26835D008252FB /* table-view-demoTests */ = {
			isa = PBXNativeTarget;
			buildConfigurationList = BCAE06721B26835D008252FB /* Build configuration list for PBXNativeTarget "table-view-demoTests" */;
			buildPhases = (
				BCAE06611B26835D008252FB /* Sources */,
				BCAE06621B26835D008252FB /* Frameworks */,
				BCAE06631B26835D008252FB /* Resources */,
			);
			buildRules = (
			);
			dependencies = (
				BCAE06671B26835D008252FB /* PBXTargetDependency */,
			);
			name = "table-view-demoTests";
			productName = "table-view-demoTests";
			productReference = BCAE06651B26835D008252FB /* table-view-demoTests.xctest */;
			productType = "com.apple.product-type.bundle.unit-test";
		};
/* End PBXNativeTarget section */

/* Begin PBXProject section */
		BCAE06481B26835D008252FB /* Project object */ = {
			isa = PBXProject;
			attributes = {
				LastUpgradeCheck = 0630;
				ORGANIZATIONNAME = SayHey;
				TargetAttributes = {
					BCAE064F1B26835D008252FB = {
						CreatedOnToolsVersion = 6.3.1;
					};
					BCAE06641B26835D008252FB = {
						CreatedOnToolsVersion = 6.3.1;
						TestTargetID = BCAE064F1B26835D008252FB;
					};
				};
			};
			buildConfigurationList = BCAE064B1B26835D008252FB /* Build configuration list for PBXProject "table-view-demo" */;
			compatibilityVersion = "Xcode 3.2";
			developmentRegion = English;
			hasScannedForEncodings = 0;
			knownRegions = (
				en,
				Base,
			);
			mainGroup = BCAE06471B26835D008252FB;
			productRefGroup = BCAE06511B26835D008252FB /* Products */;
			projectDirPath = "";
			projectRoot = "";
			targets = (
				BCAE064F1B26835D008252FB /* table-view-demo */,
				BCAE06641B26835D008252FB /* table-view-demoTests */,
			);
		};
/* End PBXProject section */

/* Begin PBXResourcesBuildPhase section */
		BCAE064E1B26835D008252FB /* Resources */ = {
			isa = PBXResourcesBuildPhase;
			buildActionMask = 2147483647;
			files = (
				BCAE065B1B26835D008252FB /* Main.storyboard in Resources */,
				BCAE06601B26835D008252FB /* LaunchScreen.xib in Resources */,
				BCAE065D1B26835D008252FB /* Images.xcassets in Resources */,
			);
			runOnlyForDeploymentPostprocessing = 0;
		};
		BCAE06631B26835D008252FB /* Resources */ = {
			isa = PBXResourcesBuildPhase;
			buildActionMask = 2147483647;
			files = (
			);
			runOnlyForDeploymentPostprocessing = 0;
		};
/* End PBXResourcesBuildPhase section */

/* Begin PBXSourcesBuildPhase section */
		BCAE064C1B26835D008252FB /* Sources */ = {
			isa = PBXSourcesBuildPhase;
			buildActionMask = 2147483647;
			files = (
				BCAE06761B2685B0008252FB /* TableViewCell.swift in Sources */,
				BCAE06581B26835D008252FB /* ViewController.swift in Sources */,
				BCAE06561B26835D008252FB /* AppDelegate.swift in Sources */,
			);
			runOnlyForDeploymentPostprocessing = 0;
		};
		BCAE06611B26835D008252FB /* Sources */ = {
			isa = PBXSourcesBuildPhase;
			buildActionMask = 2147483647;
			files = (
				BCAE066C1B26835D008252FB /* table_view_demoTests.swift in Sources */,
			);
			runOnlyForDeploymentPostprocessing = 0;
		};
/* End PBXSourcesBuildPhase section */

/* Begin PBXTargetDependency section */
		BCAE06671B26835D008252FB /* PBXTargetDependency */ = {
			isa = PBXTargetDependency;
			target = BCAE064F1B26835D008252FB /* table-view-demo */;
			targetProxy = BCAE06661B26835D008252FB /* PBXContainerItemProxy */;
		};
/* End PBXTargetDependency section */

/* Begin PBXVariantGroup section */
		BCAE06591B26835D008252FB /* Main.storyboard */ = {
			isa = PBXVariantGroup;
			children = (
				BCAE065A1B26835D008252FB /* Base */,
			);
			name = Main.storyboard;
			sourceTree = "<group>";
		};
		BCAE065E1B26835D008252FB /* LaunchScreen.xib */ = {
			isa = PBXVariantGroup;
			children = (
				BCAE065F1B26835D008252FB /* Base */,
			);
			name = LaunchScreen.xib;
			sourceTree = "<group>";
		};
/* End PBXVariantGroup section */

/* Begin XCBuildConfiguration section */
		BCAE066D1B26835D008252FB /* Debug */ = {
			isa = XCBuildConfiguration;
			buildSettings = {
				ALWAYS_SEARCH_USER_PATHS = NO;
				CLANG_CXX_LANGUAGE_STANDARD = "gnu++0x";
				CLANG_CXX_LIBRARY = "libc++";
				CLANG_ENABLE_MODULES = YES;
				CLANG_ENABLE_OBJC_ARC = YES;
				CLANG_WARN_BOOL_CONVERSION = YES;
				CLANG_WARN_CONSTANT_CONVERSION = YES;
				CLANG_WARN_DIRECT_OBJC_ISA_USAGE = YES_ERROR;
				CLANG_WARN_EMPTY_BODY = YES;
				CLANG_WARN_ENUM_CONVERSION = YES;
				CLANG_WARN_INT_CONVERSION = YES;
				CLANG_WARN_OBJC_ROOT_CLASS = YES_ERROR;
				CLANG_WARN_UNREACHABLE_CODE = YES;
				CLANG_WARN__DUPLICATE_METHOD_MATCH = YES;
				"CODE_SIGN_IDENTITY[sdk=iphoneos*]" = "iPhone Developer";
				COPY_PHASE_STRIP = NO;
				DEBUG_INFORMATION_FORMAT = "dwarf-with-dsym";
				ENABLE_STRICT_OBJC_MSGSEND = YES;
				GCC_C_LANGUAGE_STANDARD = gnu99;
				GCC_DYNAMIC_NO_PIC = NO;
				GCC_NO_COMMON_BLOCKS = YES;
				GCC_OPTIMIZATION_LEVEL = 0;
				GCC_PREPROCESSOR_DEFINITIONS = (
					"DEBUG=1",
					"$(inherited)",
				);
				GCC_SYMBOLS_PRIVATE_EXTERN = NO;
				GCC_WARN_64_TO_32_BIT_CONVERSION = YES;
				GCC_WARN_ABOUT_RETURN_TYPE = YES_ERROR;
				GCC_WARN_UNDECLARED_SELECTOR = YES;
				GCC_WARN_UNINITIALIZED_AUTOS = YES_AGGRESSIVE;
				GCC_WARN_UNUSED_FUNCTION = YES;
				GCC_WARN_UNUSED_VARIABLE = YES;
				IPHONEOS_DEPLOYMENT_TARGET = 8.3;
				MTL_ENABLE_DEBUG_INFO = YES;
				ONLY_ACTIVE_ARCH = YES;
				SDKROOT = iphoneos;
				SWIFT_OPTIMIZATION_LEVEL = "-Onone";
			};
			name = Debug;
		};
		BCAE066E1B26835D008252FB /* Release */ = {
			isa = XCBuildConfiguration;
			buildSettings = {
				ALWAYS_SEARCH_USER_PATHS = NO;
				CLANG_CXX_LANGUAGE_STANDARD = "gnu++0x";
				CLANG_CXX_LIBRARY = "libc++";
				CLANG_ENABLE_MODULES = YES;
				CLANG_ENABLE_OBJC_ARC = YES;
				CLANG_WARN_BOOL_CONVERSION = YES;
				CLANG_WARN_CONSTANT_CONVERSION = YES;
				CLANG_WARN_DIRECT_OBJC_ISA_USAGE = YES_ERROR;
				CLANG_WARN_EMPTY_BODY = YES;
				CLANG_WARN_ENUM_CONVERSION = YES;
				CLANG_WARN_INT_CONVERSION = YES;
				CLANG_WARN_OBJC_ROOT_CLASS = YES_ERROR;
				CLANG_WARN_UNREACHABLE_CODE = YES;
				CLANG_WARN__DUPLICATE_METHOD_MATCH = YES;
				"CODE_SIGN_IDENTITY[sdk=iphoneos*]" = "iPhone Developer";
				COPY_PHASE_STRIP = NO;
				DEBUG_INFORMATION_FORMAT = "dwarf-with-dsym";
				ENABLE_NS_ASSERTIONS = NO;
				ENABLE_STRICT_OBJC_MSGSEND = YES;
				GCC_C_LANGUAGE_STANDARD = gnu99;
				GCC_NO_COMMON_BLOCKS = YES;
				GCC_WARN_64_TO_32_BIT_CONVERSION = YES;
				GCC_WARN_ABOUT_RETURN_TYPE = YES_ERROR;
				GCC_WARN_UNDECLARED_SELECTOR = YES;
				GCC_WARN_UNINITIALIZED_AUTOS = YES_AGGRESSIVE;
				GCC_WARN_UNUSED_FUNCTION = YES;
				GCC_WARN_UNUSED_VARIABLE = YES;
				IPHONEOS_DEPLOYMENT_TARGET = 8.3;
				MTL_ENABLE_DEBUG_INFO = NO;
				SDKROOT = iphoneos;
				VALIDATE_PRODUCT = YES;
			};
			name = Release;
		};
		BCAE06701B26835D008252FB /* Debug */ = {
			isa = XCBuildConfiguration;
			buildSettings = {
				ASSETCATALOG_COMPILER_APPICON_NAME = AppIcon;
				INFOPLIST_FILE = "table-view-demo/Info.plist";
				LD_RUNPATH_SEARCH_PATHS = "$(inherited) @executable_path/Frameworks";
				PRODUCT_NAME = "$(TARGET_NAME)";
			};
			name = Debug;
		};
		BCAE06711B26835D008252FB /* Release */ = {
			isa = XCBuildConfiguration;
			buildSettings = {
				ASSETCATALOG_COMPILER_APPICON_NAME = AppIcon;
				INFOPLIST_FILE = "table-view-demo/Info.plist";
				LD_RUNPATH_SEARCH_PATHS = "$(inherited) @executable_path/Frameworks";
				PRODUCT_NAME = "$(TARGET_NAME)";
			};
			name = Release;
		};
		BCAE06731B26835D008252FB /* Debug */ = {
			isa = XCBuildConfiguration;
			buildSettings = {
				BUNDLE_LOADER = "$(TEST_HOST)";
				FRAMEWORK_SEARCH_PATHS = (
					"$(SDKROOT)/Developer/Library/Frameworks",
					"$(inherited)",
				);
				GCC_PREPROCESSOR_DEFINITIONS = (
					"DEBUG=1",
					"$(inherited)",
				);
				INFOPLIST_FILE = "table-view-demoTests/Info.plist";
				LD_RUNPATH_SEARCH_PATHS = "$(inherited) @executable_path/Frameworks @loader_path/Frameworks";
				PRODUCT_NAME = "$(TARGET_NAME)";
				TEST_HOST = "$(BUILT_PRODUCTS_DIR)/table-view-demo.app/table-view-demo";
			};
			name = Debug;
		};
		BCAE06741B26835D008252FB /* Release */ = {
			isa = XCBuildConfiguration;
			buildSettings = {
				BUNDLE_LOADER = "$(TEST_HOST)";
				FRAMEWORK_SEARCH_PATHS = (
					"$(SDKROOT)/Developer/Library/Frameworks",
					"$(inherited)",
				);
				INFOPLIST_FILE = "table-view-demoTests/Info.plist";
				LD_RUNPATH_SEARCH_PATHS = "$(inherited) @executable_path/Frameworks @loader_path/Frameworks";
				PRODUCT_NAME = "$(TARGET_NAME)";
				TEST_HOST = "$(BUILT_PRODUCTS_DIR)/table-view-demo.app/table-view-demo";
			};
			name = Release;
		};
/* End XCBuildConfiguration section */

/* Begin XCConfigurationList section */
		BCAE064B1B26835D008252FB /* Build configuration list for PBXProject "table-view-demo" */ = {
			isa = XCConfigurationList;
			buildConfigurations = (
				BCAE066D1B26835D008252FB /* Debug */,
				BCAE066E1B26835D008252FB /* Release */,
			);
			defaultConfigurationIsVisible = 0;
			defaultConfigurationName = Release;
		};
		BCAE066F1B26835D008252FB /* Build configuration list for PBXNativeTarget "table-view-demo" */ = {
			isa = XCConfigurationList;
			buildConfigurations = (
				BCAE06701B26835D008252FB /* Debug */,
				BCAE06711B26835D008252FB /* Release */,
			);
			defaultConfigurationIsVisible = 0;
		};
		BCAE06721B26835D008252FB /* Build configuration list for PBXNativeTarget "table-view-demoTests" */ = {
			isa = XCConfigurationList;
			buildConfigurations = (
				BCAE06731B26835D008252FB /* Debug */,
				BCAE06741B26835D008252FB /* Release */,
			);
			defaultConfigurationIsVisible = 0;
		};
/* End XCConfigurationList section */
	};
	rootObject = BCAE06481B26835D008252FB /* Project object */;
}
